// !$*UTF8*$!
{
	archiveVersion = 1;
	classes = {
	};
	objectVersion = 46;
	objects = {

/* Begin PBXAggregateTarget section */
		0BD9FC641B4D9E83001E0CAB /* OoyalaSkinSDKUniversal */ = {
			isa = PBXAggregateTarget;
			buildConfigurationList = 0BD9FC6B1B4D9E83001E0CAB /* Build configuration list for PBXAggregateTarget "OoyalaSkinSDKUniversal" */;
			buildPhases = (
				0BD9FC6C1B4D9E95001E0CAB /* ShellScript */,
				0BD9FC6D1B4D9E97001E0CAB /* ShellScript */,
				0BD9FC881B4DA577001E0CAB /* ShellScript */,
				0BD9FC891B4DA57B001E0CAB /* CopyFiles */,
			);
			dependencies = (
			);
			name = OoyalaSkinSDKUniversal;
			productName = OoyalaSkinSDKUniversal;
		};
/* End PBXAggregateTarget section */

/* Begin PBXBuildFile section */
		0B55FDAE1E2EFC5D0019A764 /* OOQueuedEvent.h in Headers */ = {isa = PBXBuildFile; fileRef = 0B55FDAC1E2EFC5D0019A764 /* OOQueuedEvent.h */; };
		0B55FDAF1E2EFC5D0019A764 /* OOQueuedEvent.m in Sources */ = {isa = PBXBuildFile; fileRef = 0B55FDAD1E2EFC5D0019A764 /* OOQueuedEvent.m */; };
		0B8E7F351BDFFC610078155C /* OoyalaSkinSDK.xcassets in Resources */ = {isa = PBXBuildFile; fileRef = 0B8E7F341BDFFC610078155C /* OoyalaSkinSDK.xcassets */; };
		0BCABD971C7F77A900989005 /* CountdownView.h in Headers */ = {isa = PBXBuildFile; fileRef = 0BCABD8B1C7F77A900989005 /* CountdownView.h */; };
		0BCABD981C7F77A900989005 /* CountdownView.m in Sources */ = {isa = PBXBuildFile; fileRef = 0BCABD8C1C7F77A900989005 /* CountdownView.m */; };
		0BCABD991C7F77A900989005 /* CountdownViewManager.h in Headers */ = {isa = PBXBuildFile; fileRef = 0BCABD8D1C7F77A900989005 /* CountdownViewManager.h */; };
		0BCABD9A1C7F77A900989005 /* CountdownViewManager.m in Sources */ = {isa = PBXBuildFile; fileRef = 0BCABD8E1C7F77A900989005 /* CountdownViewManager.m */; };
		0BCABD9B1C7F77A900989005 /* OOClosedCaptionsViewManager.h in Headers */ = {isa = PBXBuildFile; fileRef = 0BCABD8F1C7F77A900989005 /* OOClosedCaptionsViewManager.h */; };
		0BCABD9C1C7F77A900989005 /* OOClosedCaptionsViewManager.m in Sources */ = {isa = PBXBuildFile; fileRef = 0BCABD901C7F77A900989005 /* OOClosedCaptionsViewManager.m */; };
		0BCABD9D1C7F77A900989005 /* OOGradientView.h in Headers */ = {isa = PBXBuildFile; fileRef = 0BCABD911C7F77A900989005 /* OOGradientView.h */; };
		0BCABD9E1C7F77A900989005 /* OOGradientView.m in Sources */ = {isa = PBXBuildFile; fileRef = 0BCABD921C7F77A900989005 /* OOGradientView.m */; };
		0BCABD9F1C7F77A900989005 /* OOGradientViewManager.h in Headers */ = {isa = PBXBuildFile; fileRef = 0BCABD931C7F77A900989005 /* OOGradientViewManager.h */; };
		0BCABDA01C7F77A900989005 /* OOGradientViewManager.m in Sources */ = {isa = PBXBuildFile; fileRef = 0BCABD941C7F77A900989005 /* OOGradientViewManager.m */; };
		0BCABDA11C7F77A900989005 /* OOVolumeViewManager.h in Headers */ = {isa = PBXBuildFile; fileRef = 0BCABD951C7F77A900989005 /* OOVolumeViewManager.h */; };
		0BCABDA21C7F77A900989005 /* OOVolumeViewManager.m in Sources */ = {isa = PBXBuildFile; fileRef = 0BCABD961C7F77A900989005 /* OOVolumeViewManager.m */; };
		0BCABDA51C7F781200989005 /* OOSkinPlayerObserver.h in Headers */ = {isa = PBXBuildFile; fileRef = 0BCABDA31C7F781200989005 /* OOSkinPlayerObserver.h */; };
		0BCABDA61C7F781200989005 /* OOSkinPlayerObserver.m in Sources */ = {isa = PBXBuildFile; fileRef = 0BCABDA41C7F781200989005 /* OOSkinPlayerObserver.m */; };
		2F12F5F76ED9606A0BAB9570 /* OOUpNextManager.m in Sources */ = {isa = PBXBuildFile; fileRef = 2F12FC7D85581BAFCB6ED3C2 /* OOUpNextManager.m */; };
		2F12F8727CAA720AF04A4451 /* OOUpNextManager.h in Headers */ = {isa = PBXBuildFile; fileRef = 2F12F9253B74765509247EF1 /* OOUpNextManager.h */; };
		45ED11791B9F6377004968DE /* libRCTWebSocket.a in Frameworks */ = {isa = PBXBuildFile; fileRef = 45ED11781B9F6369004968DE /* libRCTWebSocket.a */; };
		45ED117A1B9F637C004968DE /* libRCTNetwork.a in Frameworks */ = {isa = PBXBuildFile; fileRef = 45ED11721B9F634E004968DE /* libRCTNetwork.a */; };
		5EA2FFA11B20C209004A5080 /* OOSkinAutoUpdatingClosedCaptionsStyle.h in Headers */ = {isa = PBXBuildFile; fileRef = 5EA2FF9F1B20C209004A5080 /* OOSkinAutoUpdatingClosedCaptionsStyle.h */; };
		5EA2FFA21B20C209004A5080 /* OOSkinAutoUpdatingClosedCaptionsStyle.m in Sources */ = {isa = PBXBuildFile; fileRef = 5EA2FFA01B20C209004A5080 /* OOSkinAutoUpdatingClosedCaptionsStyle.m */; };
		972ED8891AE6F008005043DC /* OOReactBridge.h in Headers */ = {isa = PBXBuildFile; fileRef = 972ED8851AE6F008005043DC /* OOReactBridge.h */; settings = {ATTRIBUTES = (Private, ); }; };
		972ED88A1AE6F008005043DC /* OOReactBridge.m in Sources */ = {isa = PBXBuildFile; fileRef = 972ED8861AE6F008005043DC /* OOReactBridge.m */; };
		972ED88B1AE6F008005043DC /* OOSkinViewController.h in Headers */ = {isa = PBXBuildFile; fileRef = 972ED8871AE6F008005043DC /* OOSkinViewController.h */; settings = {ATTRIBUTES = (Public, ); }; };
		972ED88C1AE6F008005043DC /* OOSkinViewController.m in Sources */ = {isa = PBXBuildFile; fileRef = 972ED8881AE6F008005043DC /* OOSkinViewController.m */; };
		972ED8A71AE6FCAB005043DC /* libReact.a in Frameworks */ = {isa = PBXBuildFile; fileRef = 972ED8A61AE6FC3E005043DC /* libReact.a */; };
		972ED8D31AE70806005043DC /* libRCTImage.a in Frameworks */ = {isa = PBXBuildFile; fileRef = 972ED8B91AE70307005043DC /* libRCTImage.a */; };
		972ED8D41AE7080C005043DC /* libRCTText.a in Frameworks */ = {isa = PBXBuildFile; fileRef = 972ED8D21AE70760005043DC /* libRCTText.a */; };
		9769227B1B8E37F300A61ACF /* OOSkinOptions.h in Headers */ = {isa = PBXBuildFile; fileRef = 976922771B8E37F300A61ACF /* OOSkinOptions.h */; settings = {ATTRIBUTES = (Public, ); }; };
		9769227C1B8E37F300A61ACF /* OOSkinOptions.m in Sources */ = {isa = PBXBuildFile; fileRef = 976922781B8E37F300A61ACF /* OOSkinOptions.m */; };
		9769227D1B8E37F300A61ACF /* OOSkinViewController+Internal.h in Headers */ = {isa = PBXBuildFile; fileRef = 976922791B8E37F300A61ACF /* OOSkinViewController+Internal.h */; };
		9769227E1B8E37F300A61ACF /* OoyalaSkinSDK.h in Headers */ = {isa = PBXBuildFile; fileRef = 9769227A1B8E37F300A61ACF /* OoyalaSkinSDK.h */; settings = {ATTRIBUTES = (Public, ); }; };
		979B01301B910A040032F5CF /* OOConstant.h in Headers */ = {isa = PBXBuildFile; fileRef = 979B012E1B910A040032F5CF /* OOConstant.h */; };
		979B01311B910A040032F5CF /* OOConstant.m in Sources */ = {isa = PBXBuildFile; fileRef = 979B012F1B910A040032F5CF /* OOConstant.m */; };
		97CF89F11B50642C008E0470 /* OoyalaSDK.framework in Frameworks */ = {isa = PBXBuildFile; fileRef = 97CF89F01B50642C008E0470 /* OoyalaSDK.framework */; };
		97CF8A001B5076CC008E0470 /* OOLocaleHelper.h in Headers */ = {isa = PBXBuildFile; fileRef = 97CF89FE1B5076CC008E0470 /* OOLocaleHelper.h */; };
		97CF8A011B5076CC008E0470 /* OOLocaleHelper.m in Sources */ = {isa = PBXBuildFile; fileRef = 97CF89FF1B5076CC008E0470 /* OOLocaleHelper.m */; };
		CA1073001BDEFB2A00182031 /* OOVolumeManager.h in Headers */ = {isa = PBXBuildFile; fileRef = CA1072FE1BDEFB2A00182031 /* OOVolumeManager.h */; };
		CA1073011BDEFB2A00182031 /* OOVolumeManager.m in Sources */ = {isa = PBXBuildFile; fileRef = CA1072FF1BDEFB2A00182031 /* OOVolumeManager.m */; };
		CA2C6FB41BEA8599006B86BC /* OoyalaSkinSDK.framework in Frameworks */ = {isa = PBXBuildFile; fileRef = 972ED84B1AE6EEEB005043DC /* OoyalaSkinSDK.framework */; };
		CA2C6FBD1BEA8A69006B86BC /* MediaPlayer.framework in Frameworks */ = {isa = PBXBuildFile; fileRef = 972ED8AA1AE7011D005043DC /* MediaPlayer.framework */; };
		CA2C6FBE1BEA8A9F006B86BC /* OoyalaSDK.framework in Frameworks */ = {isa = PBXBuildFile; fileRef = 97CF89F01B50642C008E0470 /* OoyalaSDK.framework */; };
		CA2C6FC01BEA8C01006B86BC /* MediaAccessibility.framework in Frameworks */ = {isa = PBXBuildFile; fileRef = CA2C6FBF1BEA8C01006B86BC /* MediaAccessibility.framework */; };
		CA2C6FC21BEA8C13006B86BC /* Social.framework in Frameworks */ = {isa = PBXBuildFile; fileRef = CA2C6FC11BEA8C13006B86BC /* Social.framework */; };
		CA2C6FC61BEA8C53006B86BC /* libz.tbd in Frameworks */ = {isa = PBXBuildFile; fileRef = CA2C6FC51BEA8C53006B86BC /* libz.tbd */; };
		CA2C6FC81BEA8E84006B86BC /* NSString+UtilsTests.m in Sources */ = {isa = PBXBuildFile; fileRef = CA2C6FC71BEA8E84006B86BC /* NSString+UtilsTests.m */; };
		CA2C6FCA1BEA9715006B86BC /* NSMutableDictionary+UtilsTests.m in Sources */ = {isa = PBXBuildFile; fileRef = CA2C6FC91BEA9715006B86BC /* NSMutableDictionary+UtilsTests.m */; };
		CA742B5A1BE279040056784E /* NSString+Utils.h in Headers */ = {isa = PBXBuildFile; fileRef = CA742B581BE279040056784E /* NSString+Utils.h */; };
		CA742B5B1BE279040056784E /* NSString+Utils.m in Sources */ = {isa = PBXBuildFile; fileRef = CA742B591BE279040056784E /* NSString+Utils.m */; };
		CA742B621BE27C3A0056784E /* NSMutableDictionary+Utils.h in Headers */ = {isa = PBXBuildFile; fileRef = CA742B601BE27C3A0056784E /* NSMutableDictionary+Utils.h */; };
		CA742B631BE27C3A0056784E /* NSMutableDictionary+Utils.m in Sources */ = {isa = PBXBuildFile; fileRef = CA742B611BE27C3A0056784E /* NSMutableDictionary+Utils.m */; };
		CABBC4E71BED017A00A8464A /* NSDictionary+Utils.h in Headers */ = {isa = PBXBuildFile; fileRef = CABBC4E51BED017A00A8464A /* NSDictionary+Utils.h */; };
		CABBC4E81BED017A00A8464A /* NSDictionary+Utils.m in Sources */ = {isa = PBXBuildFile; fileRef = CABBC4E61BED017A00A8464A /* NSDictionary+Utils.m */; };
		CAF600E81C3307D800CBB708 /* OOActivityView.h in Headers */ = {isa = PBXBuildFile; fileRef = CAF600E61C3307D800CBB708 /* OOActivityView.h */; };
		CAF600E91C3307D800CBB708 /* OOActivityView.m in Sources */ = {isa = PBXBuildFile; fileRef = CAF600E71C3307D800CBB708 /* OOActivityView.m */; };
/* End PBXBuildFile section */

/* Begin PBXContainerItemProxy section */
		0BD9FC821B4DA32D001E0CAB /* PBXContainerItemProxy */ = {
			isa = PBXContainerItemProxy;
			containerPortal = 972ED8CD1AE7075F005043DC /* RCTText.xcodeproj */;
			proxyType = 1;
			remoteGlobalIDString = 58B5119A1A9E6C1200147676;
			remoteInfo = RCTText;
		};
		0BD9FC841B4DA32D001E0CAB /* PBXContainerItemProxy */ = {
			isa = PBXContainerItemProxy;
			containerPortal = 972ED8B41AE70307005043DC /* RCTImage.xcodeproj */;
			proxyType = 1;
			remoteGlobalIDString = 58B5115C1A9E6B3D00147676;
			remoteInfo = RCTImage;
		};
		0BD9FC861B4DA32D001E0CAB /* PBXContainerItemProxy */ = {
			isa = PBXContainerItemProxy;
			containerPortal = 972ED8A11AE6FC3E005043DC /* React.xcodeproj */;
			proxyType = 1;
			remoteGlobalIDString = 83CBBA2D1A601D0E00E9B192;
			remoteInfo = React;
		};
		4588D98D1B9F7F7200B44883 /* PBXContainerItemProxy */ = {
			isa = PBXContainerItemProxy;
			containerPortal = 45ED11731B9F6369004968DE /* RCTWebSocket.xcodeproj */;
			proxyType = 1;
			remoteGlobalIDString = 3C86DF451ADF2C930047B81A;
			remoteInfo = RCTWebSocket;
		};
		4588D98F1B9F7F7200B44883 /* PBXContainerItemProxy */ = {
			isa = PBXContainerItemProxy;
			containerPortal = 45ED116D1B9F634E004968DE /* RCTNetwork.xcodeproj */;
			proxyType = 1;
			remoteGlobalIDString = 58B511DA1A9E6C8500147676;
			remoteInfo = RCTNetwork;
		};
		45ED11711B9F634E004968DE /* PBXContainerItemProxy */ = {
			isa = PBXContainerItemProxy;
			containerPortal = 45ED116D1B9F634E004968DE /* RCTNetwork.xcodeproj */;
			proxyType = 2;
			remoteGlobalIDString = 58B511DB1A9E6C8500147676;
			remoteInfo = RCTNetwork;
		};
		45ED11771B9F6369004968DE /* PBXContainerItemProxy */ = {
			isa = PBXContainerItemProxy;
			containerPortal = 45ED11731B9F6369004968DE /* RCTWebSocket.xcodeproj */;
			proxyType = 2;
			remoteGlobalIDString = 3C86DF461ADF2C930047B81A;
			remoteInfo = RCTWebSocket;
		};
		972ED8A51AE6FC3E005043DC /* PBXContainerItemProxy */ = {
			isa = PBXContainerItemProxy;
			containerPortal = 972ED8A11AE6FC3E005043DC /* React.xcodeproj */;
			proxyType = 2;
			remoteGlobalIDString = 83CBBA2E1A601D0E00E9B192;
			remoteInfo = React;
		};
		972ED8B81AE70307005043DC /* PBXContainerItemProxy */ = {
			isa = PBXContainerItemProxy;
			containerPortal = 972ED8B41AE70307005043DC /* RCTImage.xcodeproj */;
			proxyType = 2;
			remoteGlobalIDString = 58B5115D1A9E6B3D00147676;
			remoteInfo = RCTImage;
		};
		972ED8D11AE70760005043DC /* PBXContainerItemProxy */ = {
			isa = PBXContainerItemProxy;
			containerPortal = 972ED8CD1AE7075F005043DC /* RCTText.xcodeproj */;
			proxyType = 2;
			remoteGlobalIDString = 58B5119B1A9E6C1200147676;
			remoteInfo = RCTText;
		};
		CA2C6FB51BEA8599006B86BC /* PBXContainerItemProxy */ = {
			isa = PBXContainerItemProxy;
			containerPortal = 972ED8421AE6EEEB005043DC /* Project object */;
			proxyType = 1;
			remoteGlobalIDString = 972ED84A1AE6EEEB005043DC;
			remoteInfo = OoyalaSkinSDK;
		};
/* End PBXContainerItemProxy section */

/* Begin PBXCopyFilesBuildPhase section */
		0BD9FC891B4DA57B001E0CAB /* CopyFiles */ = {
			isa = PBXCopyFilesBuildPhase;
			buildActionMask = 2147483647;
			dstPath = "";
			dstSubfolderSpec = 7;
			files = (
			);
			runOnlyForDeploymentPostprocessing = 0;
		};
/* End PBXCopyFilesBuildPhase section */

/* Begin PBXFileReference section */
		0B55FDAC1E2EFC5D0019A764 /* OOQueuedEvent.h */ = {isa = PBXFileReference; fileEncoding = 4; lastKnownFileType = sourcecode.c.h; path = OOQueuedEvent.h; sourceTree = "<group>"; };
		0B55FDAD1E2EFC5D0019A764 /* OOQueuedEvent.m */ = {isa = PBXFileReference; fileEncoding = 4; lastKnownFileType = sourcecode.c.objc; path = OOQueuedEvent.m; sourceTree = "<group>"; };
		0B8E7F341BDFFC610078155C /* OoyalaSkinSDK.xcassets */ = {isa = PBXFileReference; lastKnownFileType = folder.assetcatalog; name = OoyalaSkinSDK.xcassets; path = ../../OoyalaSkinSDK.xcassets; sourceTree = "<group>"; };
		0BCABD8B1C7F77A900989005 /* CountdownView.h */ = {isa = PBXFileReference; fileEncoding = 4; lastKnownFileType = sourcecode.c.h; path = CountdownView.h; sourceTree = "<group>"; };
		0BCABD8C1C7F77A900989005 /* CountdownView.m */ = {isa = PBXFileReference; fileEncoding = 4; lastKnownFileType = sourcecode.c.objc; path = CountdownView.m; sourceTree = "<group>"; };
		0BCABD8D1C7F77A900989005 /* CountdownViewManager.h */ = {isa = PBXFileReference; fileEncoding = 4; lastKnownFileType = sourcecode.c.h; path = CountdownViewManager.h; sourceTree = "<group>"; };
		0BCABD8E1C7F77A900989005 /* CountdownViewManager.m */ = {isa = PBXFileReference; fileEncoding = 4; lastKnownFileType = sourcecode.c.objc; path = CountdownViewManager.m; sourceTree = "<group>"; };
		0BCABD8F1C7F77A900989005 /* OOClosedCaptionsViewManager.h */ = {isa = PBXFileReference; fileEncoding = 4; lastKnownFileType = sourcecode.c.h; path = OOClosedCaptionsViewManager.h; sourceTree = "<group>"; };
		0BCABD901C7F77A900989005 /* OOClosedCaptionsViewManager.m */ = {isa = PBXFileReference; fileEncoding = 4; lastKnownFileType = sourcecode.c.objc; path = OOClosedCaptionsViewManager.m; sourceTree = "<group>"; };
		0BCABD911C7F77A900989005 /* OOGradientView.h */ = {isa = PBXFileReference; fileEncoding = 4; lastKnownFileType = sourcecode.c.h; path = OOGradientView.h; sourceTree = "<group>"; };
		0BCABD921C7F77A900989005 /* OOGradientView.m */ = {isa = PBXFileReference; fileEncoding = 4; lastKnownFileType = sourcecode.c.objc; path = OOGradientView.m; sourceTree = "<group>"; };
		0BCABD931C7F77A900989005 /* OOGradientViewManager.h */ = {isa = PBXFileReference; fileEncoding = 4; lastKnownFileType = sourcecode.c.h; path = OOGradientViewManager.h; sourceTree = "<group>"; };
		0BCABD941C7F77A900989005 /* OOGradientViewManager.m */ = {isa = PBXFileReference; fileEncoding = 4; lastKnownFileType = sourcecode.c.objc; path = OOGradientViewManager.m; sourceTree = "<group>"; };
		0BCABD951C7F77A900989005 /* OOVolumeViewManager.h */ = {isa = PBXFileReference; fileEncoding = 4; lastKnownFileType = sourcecode.c.h; path = OOVolumeViewManager.h; sourceTree = "<group>"; };
		0BCABD961C7F77A900989005 /* OOVolumeViewManager.m */ = {isa = PBXFileReference; fileEncoding = 4; lastKnownFileType = sourcecode.c.objc; path = OOVolumeViewManager.m; sourceTree = "<group>"; };
		0BCABDA31C7F781200989005 /* OOSkinPlayerObserver.h */ = {isa = PBXFileReference; fileEncoding = 4; lastKnownFileType = sourcecode.c.h; path = OOSkinPlayerObserver.h; sourceTree = "<group>"; };
		0BCABDA41C7F781200989005 /* OOSkinPlayerObserver.m */ = {isa = PBXFileReference; fileEncoding = 4; lastKnownFileType = sourcecode.c.objc; path = OOSkinPlayerObserver.m; sourceTree = "<group>"; };
		2F12F9253B74765509247EF1 /* OOUpNextManager.h */ = {isa = PBXFileReference; fileEncoding = 4; lastKnownFileType = sourcecode.c.h; path = OOUpNextManager.h; sourceTree = "<group>"; };
		2F12FC7D85581BAFCB6ED3C2 /* OOUpNextManager.m */ = {isa = PBXFileReference; fileEncoding = 4; lastKnownFileType = sourcecode.c.objc; path = OOUpNextManager.m; sourceTree = "<group>"; };
		45ED116D1B9F634E004968DE /* RCTNetwork.xcodeproj */ = {isa = PBXFileReference; lastKnownFileType = "wrapper.pb-project"; name = RCTNetwork.xcodeproj; path = "react-native/Libraries/Network/RCTNetwork.xcodeproj"; sourceTree = "<group>"; };
		45ED11731B9F6369004968DE /* RCTWebSocket.xcodeproj */ = {isa = PBXFileReference; lastKnownFileType = "wrapper.pb-project"; name = RCTWebSocket.xcodeproj; path = "react-native/Libraries/WebSocket/RCTWebSocket.xcodeproj"; sourceTree = "<group>"; };
		5EA2FF9F1B20C209004A5080 /* OOSkinAutoUpdatingClosedCaptionsStyle.h */ = {isa = PBXFileReference; fileEncoding = 4; lastKnownFileType = sourcecode.c.h; path = OOSkinAutoUpdatingClosedCaptionsStyle.h; sourceTree = "<group>"; };
		5EA2FFA01B20C209004A5080 /* OOSkinAutoUpdatingClosedCaptionsStyle.m */ = {isa = PBXFileReference; fileEncoding = 4; lastKnownFileType = sourcecode.c.objc; path = OOSkinAutoUpdatingClosedCaptionsStyle.m; sourceTree = "<group>"; };
		972ED84B1AE6EEEB005043DC /* OoyalaSkinSDK.framework */ = {isa = PBXFileReference; explicitFileType = wrapper.framework; includeInIndex = 0; path = OoyalaSkinSDK.framework; sourceTree = BUILT_PRODUCTS_DIR; };
		972ED84F1AE6EEEB005043DC /* Info.plist */ = {isa = PBXFileReference; lastKnownFileType = text.plist.xml; path = Info.plist; sourceTree = "<group>"; };
		972ED8851AE6F008005043DC /* OOReactBridge.h */ = {isa = PBXFileReference; fileEncoding = 4; lastKnownFileType = sourcecode.c.h; path = OOReactBridge.h; sourceTree = "<group>"; };
		972ED8861AE6F008005043DC /* OOReactBridge.m */ = {isa = PBXFileReference; fileEncoding = 4; lastKnownFileType = sourcecode.c.objc; path = OOReactBridge.m; sourceTree = "<group>"; };
		972ED8871AE6F008005043DC /* OOSkinViewController.h */ = {isa = PBXFileReference; fileEncoding = 4; lastKnownFileType = sourcecode.c.h; path = OOSkinViewController.h; sourceTree = "<group>"; };
		972ED8881AE6F008005043DC /* OOSkinViewController.m */ = {isa = PBXFileReference; fileEncoding = 4; lastKnownFileType = sourcecode.c.objc; path = OOSkinViewController.m; sourceTree = "<group>"; };
		972ED8A11AE6FC3E005043DC /* React.xcodeproj */ = {isa = PBXFileReference; lastKnownFileType = "wrapper.pb-project"; name = React.xcodeproj; path = "react-native/React/React.xcodeproj"; sourceTree = "<group>"; };
		972ED8AA1AE7011D005043DC /* MediaPlayer.framework */ = {isa = PBXFileReference; lastKnownFileType = wrapper.framework; name = MediaPlayer.framework; path = System/Library/Frameworks/MediaPlayer.framework; sourceTree = SDKROOT; };
		972ED8AC1AE7016A005043DC /* SystemConfiguration.framework */ = {isa = PBXFileReference; lastKnownFileType = wrapper.framework; name = SystemConfiguration.framework; path = System/Library/Frameworks/SystemConfiguration.framework; sourceTree = SDKROOT; };
		972ED8B41AE70307005043DC /* RCTImage.xcodeproj */ = {isa = PBXFileReference; lastKnownFileType = "wrapper.pb-project"; name = RCTImage.xcodeproj; path = "react-native/Libraries/Image/RCTImage.xcodeproj"; sourceTree = "<group>"; };
		972ED8CB1AE70631005043DC /* libz.dylib */ = {isa = PBXFileReference; lastKnownFileType = "compiled.mach-o.dylib"; name = libz.dylib; path = usr/lib/libz.dylib; sourceTree = SDKROOT; };
		972ED8CD1AE7075F005043DC /* RCTText.xcodeproj */ = {isa = PBXFileReference; lastKnownFileType = "wrapper.pb-project"; name = RCTText.xcodeproj; path = "react-native/Libraries/Text/RCTText.xcodeproj"; sourceTree = "<group>"; };
		976922771B8E37F300A61ACF /* OOSkinOptions.h */ = {isa = PBXFileReference; fileEncoding = 4; lastKnownFileType = sourcecode.c.h; path = OOSkinOptions.h; sourceTree = "<group>"; };
		976922781B8E37F300A61ACF /* OOSkinOptions.m */ = {isa = PBXFileReference; fileEncoding = 4; lastKnownFileType = sourcecode.c.objc; path = OOSkinOptions.m; sourceTree = "<group>"; };
		976922791B8E37F300A61ACF /* OOSkinViewController+Internal.h */ = {isa = PBXFileReference; fileEncoding = 4; lastKnownFileType = sourcecode.c.h; path = "OOSkinViewController+Internal.h"; sourceTree = "<group>"; };
		9769227A1B8E37F300A61ACF /* OoyalaSkinSDK.h */ = {isa = PBXFileReference; fileEncoding = 4; lastKnownFileType = sourcecode.c.h; path = OoyalaSkinSDK.h; sourceTree = "<group>"; };
		979B012E1B910A040032F5CF /* OOConstant.h */ = {isa = PBXFileReference; fileEncoding = 4; lastKnownFileType = sourcecode.c.h; path = OOConstant.h; sourceTree = "<group>"; };
		979B012F1B910A040032F5CF /* OOConstant.m */ = {isa = PBXFileReference; fileEncoding = 4; lastKnownFileType = sourcecode.c.objc; path = OOConstant.m; sourceTree = "<group>"; };
		97CF89F01B50642C008E0470 /* OoyalaSDK.framework */ = {isa = PBXFileReference; lastKnownFileType = wrapper.framework; name = OoyalaSDK.framework; path = "../../vendor/Ooyala/OoyalaSDK-iOS/OoyalaSDK.framework"; sourceTree = "<group>"; };
		97CF89FE1B5076CC008E0470 /* OOLocaleHelper.h */ = {isa = PBXFileReference; fileEncoding = 4; lastKnownFileType = sourcecode.c.h; path = OOLocaleHelper.h; sourceTree = "<group>"; };
		97CF89FF1B5076CC008E0470 /* OOLocaleHelper.m */ = {isa = PBXFileReference; fileEncoding = 4; lastKnownFileType = sourcecode.c.objc; path = OOLocaleHelper.m; sourceTree = "<group>"; };
		97DE27A51B212B4A0071DBFE /* libc++.dylib */ = {isa = PBXFileReference; lastKnownFileType = "compiled.mach-o.dylib"; name = "libc++.dylib"; path = "usr/lib/libc++.dylib"; sourceTree = SDKROOT; };
		97DE27AB1B212B520071DBFE /* libc++abi.dylib */ = {isa = PBXFileReference; lastKnownFileType = "compiled.mach-o.dylib"; name = "libc++abi.dylib"; path = "usr/lib/libc++abi.dylib"; sourceTree = SDKROOT; };
		97DE27AD1B212B670071DBFE /* libxml2.dylib */ = {isa = PBXFileReference; lastKnownFileType = "compiled.mach-o.dylib"; name = libxml2.dylib; path = usr/lib/libxml2.dylib; sourceTree = SDKROOT; };
		CA1072FE1BDEFB2A00182031 /* OOVolumeManager.h */ = {isa = PBXFileReference; fileEncoding = 4; lastKnownFileType = sourcecode.c.h; path = OOVolumeManager.h; sourceTree = "<group>"; };
		CA1072FF1BDEFB2A00182031 /* OOVolumeManager.m */ = {isa = PBXFileReference; fileEncoding = 4; lastKnownFileType = sourcecode.c.objc; path = OOVolumeManager.m; sourceTree = "<group>"; };
		CA2C6FAF1BEA8599006B86BC /* OoyalaSkinSDKTests.xctest */ = {isa = PBXFileReference; explicitFileType = wrapper.cfbundle; includeInIndex = 0; path = OoyalaSkinSDKTests.xctest; sourceTree = BUILT_PRODUCTS_DIR; };
		CA2C6FB31BEA8599006B86BC /* Info.plist */ = {isa = PBXFileReference; lastKnownFileType = text.plist.xml; path = Info.plist; sourceTree = "<group>"; };
		CA2C6FBF1BEA8C01006B86BC /* MediaAccessibility.framework */ = {isa = PBXFileReference; lastKnownFileType = wrapper.framework; name = MediaAccessibility.framework; path = System/Library/Frameworks/MediaAccessibility.framework; sourceTree = SDKROOT; };
		CA2C6FC11BEA8C13006B86BC /* Social.framework */ = {isa = PBXFileReference; lastKnownFileType = wrapper.framework; name = Social.framework; path = System/Library/Frameworks/Social.framework; sourceTree = SDKROOT; };
		CA2C6FC31BEA8C26006B86BC /* MessageUI.framework */ = {isa = PBXFileReference; lastKnownFileType = wrapper.framework; name = MessageUI.framework; path = System/Library/Frameworks/MessageUI.framework; sourceTree = SDKROOT; };
		CA2C6FC51BEA8C53006B86BC /* libz.tbd */ = {isa = PBXFileReference; lastKnownFileType = "sourcecode.text-based-dylib-definition"; name = libz.tbd; path = usr/lib/libz.tbd; sourceTree = SDKROOT; };
		CA2C6FC71BEA8E84006B86BC /* NSString+UtilsTests.m */ = {isa = PBXFileReference; fileEncoding = 4; lastKnownFileType = sourcecode.c.objc; path = "NSString+UtilsTests.m"; sourceTree = "<group>"; };
		CA2C6FC91BEA9715006B86BC /* NSMutableDictionary+UtilsTests.m */ = {isa = PBXFileReference; fileEncoding = 4; lastKnownFileType = sourcecode.c.objc; path = "NSMutableDictionary+UtilsTests.m"; sourceTree = "<group>"; };
		CA742B581BE279040056784E /* NSString+Utils.h */ = {isa = PBXFileReference; fileEncoding = 4; lastKnownFileType = sourcecode.c.h; name = "NSString+Utils.h"; path = "Utils/NSString+Utils.h"; sourceTree = "<group>"; };
		CA742B591BE279040056784E /* NSString+Utils.m */ = {isa = PBXFileReference; fileEncoding = 4; lastKnownFileType = sourcecode.c.objc; name = "NSString+Utils.m"; path = "Utils/NSString+Utils.m"; sourceTree = "<group>"; };
		CA742B601BE27C3A0056784E /* NSMutableDictionary+Utils.h */ = {isa = PBXFileReference; fileEncoding = 4; lastKnownFileType = sourcecode.c.h; name = "NSMutableDictionary+Utils.h"; path = "Utils/NSMutableDictionary+Utils.h"; sourceTree = "<group>"; };
		CA742B611BE27C3A0056784E /* NSMutableDictionary+Utils.m */ = {isa = PBXFileReference; fileEncoding = 4; lastKnownFileType = sourcecode.c.objc; name = "NSMutableDictionary+Utils.m"; path = "Utils/NSMutableDictionary+Utils.m"; sourceTree = "<group>"; };
		CABBC4E51BED017A00A8464A /* NSDictionary+Utils.h */ = {isa = PBXFileReference; fileEncoding = 4; lastKnownFileType = sourcecode.c.h; name = "NSDictionary+Utils.h"; path = "Utils/NSDictionary+Utils.h"; sourceTree = "<group>"; };
		CABBC4E61BED017A00A8464A /* NSDictionary+Utils.m */ = {isa = PBXFileReference; fileEncoding = 4; lastKnownFileType = sourcecode.c.objc; name = "NSDictionary+Utils.m"; path = "Utils/NSDictionary+Utils.m"; sourceTree = "<group>"; };
		CAF600E61C3307D800CBB708 /* OOActivityView.h */ = {isa = PBXFileReference; fileEncoding = 4; lastKnownFileType = sourcecode.c.h; path = OOActivityView.h; sourceTree = "<group>"; };
		CAF600E71C3307D800CBB708 /* OOActivityView.m */ = {isa = PBXFileReference; fileEncoding = 4; lastKnownFileType = sourcecode.c.objc; path = OOActivityView.m; sourceTree = "<group>"; };
/* End PBXFileReference section */

/* Begin PBXFrameworksBuildPhase section */
		972ED8471AE6EEEB005043DC /* Frameworks */ = {
			isa = PBXFrameworksBuildPhase;
			buildActionMask = 2147483647;
			files = (
				97CF89F11B50642C008E0470 /* OoyalaSDK.framework in Frameworks */,
				972ED8D41AE7080C005043DC /* libRCTText.a in Frameworks */,
				45ED11791B9F6377004968DE /* libRCTWebSocket.a in Frameworks */,
				972ED8D31AE70806005043DC /* libRCTImage.a in Frameworks */,
				45ED117A1B9F637C004968DE /* libRCTNetwork.a in Frameworks */,
				972ED8A71AE6FCAB005043DC /* libReact.a in Frameworks */,
			);
			runOnlyForDeploymentPostprocessing = 0;
		};
		CA2C6FAC1BEA8599006B86BC /* Frameworks */ = {
			isa = PBXFrameworksBuildPhase;
			buildActionMask = 2147483647;
			files = (
				CA2C6FC61BEA8C53006B86BC /* libz.tbd in Frameworks */,
				CA2C6FC21BEA8C13006B86BC /* Social.framework in Frameworks */,
				CA2C6FC01BEA8C01006B86BC /* MediaAccessibility.framework in Frameworks */,
				CA2C6FBE1BEA8A9F006B86BC /* OoyalaSDK.framework in Frameworks */,
				CA2C6FBD1BEA8A69006B86BC /* MediaPlayer.framework in Frameworks */,
				CA2C6FB41BEA8599006B86BC /* OoyalaSkinSDK.framework in Frameworks */,
			);
			runOnlyForDeploymentPostprocessing = 0;
		};
/* End PBXFrameworksBuildPhase section */

/* Begin PBXGroup section */
		0BCABD8A1C7F77A900989005 /* Views */ = {
			isa = PBXGroup;
			children = (
				0BCABD8B1C7F77A900989005 /* CountdownView.h */,
				0BCABD8C1C7F77A900989005 /* CountdownView.m */,
				0BCABD8D1C7F77A900989005 /* CountdownViewManager.h */,
				0BCABD8E1C7F77A900989005 /* CountdownViewManager.m */,
				0BCABD8F1C7F77A900989005 /* OOClosedCaptionsViewManager.h */,
				0BCABD901C7F77A900989005 /* OOClosedCaptionsViewManager.m */,
				0BCABD911C7F77A900989005 /* OOGradientView.h */,
				0BCABD921C7F77A900989005 /* OOGradientView.m */,
				0BCABD931C7F77A900989005 /* OOGradientViewManager.h */,
				0BCABD941C7F77A900989005 /* OOGradientViewManager.m */,
				0BCABD951C7F77A900989005 /* OOVolumeViewManager.h */,
				0BCABD961C7F77A900989005 /* OOVolumeViewManager.m */,
			);
			path = Views;
			sourceTree = "<group>";
		};
		2F12F06F64B2FE9323AA598C /* Social */ = {
			isa = PBXGroup;
			children = (
				CAF600E61C3307D800CBB708 /* OOActivityView.h */,
				CAF600E71C3307D800CBB708 /* OOActivityView.m */,
			);
			path = Social;
			sourceTree = "<group>";
		};
		45ED116E1B9F634E004968DE /* Products */ = {
			isa = PBXGroup;
			children = (
				45ED11721B9F634E004968DE /* libRCTNetwork.a */,
			);
			name = Products;
			sourceTree = "<group>";
		};
		45ED11741B9F6369004968DE /* Products */ = {
			isa = PBXGroup;
			children = (
				45ED11781B9F6369004968DE /* libRCTWebSocket.a */,
			);
			name = Products;
			sourceTree = "<group>";
		};
		972ED8411AE6EEEB005043DC = {
			isa = PBXGroup;
			children = (
				972ED84D1AE6EEEB005043DC /* OoyalaSkinSDK */,
				CA2C6FB01BEA8599006B86BC /* OoyalaSkinSDKTests */,
				FF12905E1AEABA9B00664374 /* Frameworks */,
				972ED88F1AE6F6A5005043DC /* Libraries */,
				972ED84C1AE6EEEB005043DC /* Products */,
				0B8E7F341BDFFC610078155C /* OoyalaSkinSDK.xcassets */,
			);
			sourceTree = "<group>";
		};
		972ED84C1AE6EEEB005043DC /* Products */ = {
			isa = PBXGroup;
			children = (
				972ED84B1AE6EEEB005043DC /* OoyalaSkinSDK.framework */,
				CA2C6FAF1BEA8599006B86BC /* OoyalaSkinSDKTests.xctest */,
			);
			name = Products;
			sourceTree = "<group>";
		};
		972ED84D1AE6EEEB005043DC /* OoyalaSkinSDK */ = {
			isa = PBXGroup;
			children = (
				979B012E1B910A040032F5CF /* OOConstant.h */,
				979B012F1B910A040032F5CF /* OOConstant.m */,
				97CF89FE1B5076CC008E0470 /* OOLocaleHelper.h */,
				97CF89FF1B5076CC008E0470 /* OOLocaleHelper.m */,
				972ED8851AE6F008005043DC /* OOReactBridge.h */,
				972ED8861AE6F008005043DC /* OOReactBridge.m */,
				0B55FDAC1E2EFC5D0019A764 /* OOQueuedEvent.h */,
				0B55FDAD1E2EFC5D0019A764 /* OOQueuedEvent.m */,
				5EA2FF9F1B20C209004A5080 /* OOSkinAutoUpdatingClosedCaptionsStyle.h */,
				5EA2FFA01B20C209004A5080 /* OOSkinAutoUpdatingClosedCaptionsStyle.m */,
				976922771B8E37F300A61ACF /* OOSkinOptions.h */,
				976922781B8E37F300A61ACF /* OOSkinOptions.m */,
				972ED8871AE6F008005043DC /* OOSkinViewController.h */,
				976922791B8E37F300A61ACF /* OOSkinViewController+Internal.h */,
				972ED8881AE6F008005043DC /* OOSkinViewController.m */,
				0BCABDA31C7F781200989005 /* OOSkinPlayerObserver.h */,
				0BCABDA41C7F781200989005 /* OOSkinPlayerObserver.m */,
				2F12F9253B74765509247EF1 /* OOUpNextManager.h */,
				2F12FC7D85581BAFCB6ED3C2 /* OOUpNextManager.m */,
				CA1072FE1BDEFB2A00182031 /* OOVolumeManager.h */,
				CA1072FF1BDEFB2A00182031 /* OOVolumeManager.m */,
				9769227A1B8E37F300A61ACF /* OoyalaSkinSDK.h */,
				2F12F06F64B2FE9323AA598C /* Social */,
				972ED84E1AE6EEEB005043DC /* Supporting Files */,
				CA742B4E1BE2761D0056784E /* Utils */,
				0BCABD8A1C7F77A900989005 /* Views */,
			);
			path = OoyalaSkinSDK;
			sourceTree = "<group>";
		};
		972ED84E1AE6EEEB005043DC /* Supporting Files */ = {
			isa = PBXGroup;
			children = (
				972ED84F1AE6EEEB005043DC /* Info.plist */,
			);
			name = "Supporting Files";
			sourceTree = "<group>";
		};
		972ED88F1AE6F6A5005043DC /* Libraries */ = {
			isa = PBXGroup;
			children = (
				45ED11731B9F6369004968DE /* RCTWebSocket.xcodeproj */,
				45ED116D1B9F634E004968DE /* RCTNetwork.xcodeproj */,
				972ED8CD1AE7075F005043DC /* RCTText.xcodeproj */,
				972ED8B41AE70307005043DC /* RCTImage.xcodeproj */,
				972ED8A11AE6FC3E005043DC /* React.xcodeproj */,
			);
			name = Libraries;
			path = ../react/node_modules;
			sourceTree = "<group>";
		};
		972ED8A21AE6FC3E005043DC /* Products */ = {
			isa = PBXGroup;
			children = (
				972ED8A61AE6FC3E005043DC /* libReact.a */,
			);
			name = Products;
			sourceTree = "<group>";
		};
		972ED8B51AE70307005043DC /* Products */ = {
			isa = PBXGroup;
			children = (
				972ED8B91AE70307005043DC /* libRCTImage.a */,
			);
			name = Products;
			sourceTree = "<group>";
		};
		972ED8CE1AE7075F005043DC /* Products */ = {
			isa = PBXGroup;
			children = (
				972ED8D21AE70760005043DC /* libRCTText.a */,
			);
			name = Products;
			sourceTree = "<group>";
		};
		CA2C6FB01BEA8599006B86BC /* OoyalaSkinSDKTests */ = {
			isa = PBXGroup;
			children = (
				CA2C6FC91BEA9715006B86BC /* NSMutableDictionary+UtilsTests.m */,
				CA2C6FC71BEA8E84006B86BC /* NSString+UtilsTests.m */,
				CA2C6FB31BEA8599006B86BC /* Info.plist */,
			);
			path = OoyalaSkinSDKTests;
			sourceTree = "<group>";
		};
		CA742B4E1BE2761D0056784E /* Utils */ = {
			isa = PBXGroup;
			children = (
				CA742B601BE27C3A0056784E /* NSMutableDictionary+Utils.h */,
				CA742B611BE27C3A0056784E /* NSMutableDictionary+Utils.m */,
				CA742B581BE279040056784E /* NSString+Utils.h */,
				CA742B591BE279040056784E /* NSString+Utils.m */,
				CABBC4E51BED017A00A8464A /* NSDictionary+Utils.h */,
				CABBC4E61BED017A00A8464A /* NSDictionary+Utils.m */,
			);
			name = Utils;
			sourceTree = "<group>";
		};
		FF12905E1AEABA9B00664374 /* Frameworks */ = {
			isa = PBXGroup;
			children = (
				97CF89F01B50642C008E0470 /* OoyalaSDK.framework */,
				CA2C6FC51BEA8C53006B86BC /* libz.tbd */,
				CA2C6FC31BEA8C26006B86BC /* MessageUI.framework */,
				CA2C6FC11BEA8C13006B86BC /* Social.framework */,
				CA2C6FBF1BEA8C01006B86BC /* MediaAccessibility.framework */,
				97DE27A51B212B4A0071DBFE /* libc++.dylib */,
				97DE27AB1B212B520071DBFE /* libc++abi.dylib */,
				97DE27AD1B212B670071DBFE /* libxml2.dylib */,
				972ED8CB1AE70631005043DC /* libz.dylib */,
				972ED8AA1AE7011D005043DC /* MediaPlayer.framework */,
				972ED8AC1AE7016A005043DC /* SystemConfiguration.framework */,
			);
			name = Frameworks;
			sourceTree = "<group>";
		};
/* End PBXGroup section */

/* Begin PBXHeadersBuildPhase section */
		972ED8481AE6EEEB005043DC /* Headers */ = {
			isa = PBXHeadersBuildPhase;
			buildActionMask = 2147483647;
			files = (
				979B01301B910A040032F5CF /* OOConstant.h in Headers */,
				CA742B5A1BE279040056784E /* NSString+Utils.h in Headers */,
				0B55FDAE1E2EFC5D0019A764 /* OOQueuedEvent.h in Headers */,
				0BCABDA51C7F781200989005 /* OOSkinPlayerObserver.h in Headers */,
				CABBC4E71BED017A00A8464A /* NSDictionary+Utils.h in Headers */,
				0BCABDA11C7F77A900989005 /* OOVolumeViewManager.h in Headers */,
				0BCABD9F1C7F77A900989005 /* OOGradientViewManager.h in Headers */,
				0BCABD991C7F77A900989005 /* CountdownViewManager.h in Headers */,
				9769227E1B8E37F300A61ACF /* OoyalaSkinSDK.h in Headers */,
				CA742B621BE27C3A0056784E /* NSMutableDictionary+Utils.h in Headers */,
				0BCABD9B1C7F77A900989005 /* OOClosedCaptionsViewManager.h in Headers */,
				9769227D1B8E37F300A61ACF /* OOSkinViewController+Internal.h in Headers */,
				9769227B1B8E37F300A61ACF /* OOSkinOptions.h in Headers */,
				CA1073001BDEFB2A00182031 /* OOVolumeManager.h in Headers */,
				CAF600E81C3307D800CBB708 /* OOActivityView.h in Headers */,
				972ED88B1AE6F008005043DC /* OOSkinViewController.h in Headers */,
				5EA2FFA11B20C209004A5080 /* OOSkinAutoUpdatingClosedCaptionsStyle.h in Headers */,
				0BCABD971C7F77A900989005 /* CountdownView.h in Headers */,
				97CF8A001B5076CC008E0470 /* OOLocaleHelper.h in Headers */,
				0BCABD9D1C7F77A900989005 /* OOGradientView.h in Headers */,
				972ED8891AE6F008005043DC /* OOReactBridge.h in Headers */,
				2F12F8727CAA720AF04A4451 /* OOUpNextManager.h in Headers */,
			);
			runOnlyForDeploymentPostprocessing = 0;
		};
/* End PBXHeadersBuildPhase section */

/* Begin PBXNativeTarget section */
		972ED84A1AE6EEEB005043DC /* OoyalaSkinSDK */ = {
			isa = PBXNativeTarget;
			buildConfigurationList = 972ED8611AE6EEEB005043DC /* Build configuration list for PBXNativeTarget "OoyalaSkinSDK" */;
			buildPhases = (
				972ED8461AE6EEEB005043DC /* Sources */,
				972ED8471AE6EEEB005043DC /* Frameworks */,
				972ED8481AE6EEEB005043DC /* Headers */,
				972ED8491AE6EEEB005043DC /* Resources */,
			);
			buildRules = (
			);
			dependencies = (
				4588D98E1B9F7F7200B44883 /* PBXTargetDependency */,
				4588D9901B9F7F7200B44883 /* PBXTargetDependency */,
				0BD9FC831B4DA32D001E0CAB /* PBXTargetDependency */,
				0BD9FC851B4DA32D001E0CAB /* PBXTargetDependency */,
				0BD9FC871B4DA32D001E0CAB /* PBXTargetDependency */,
			);
			name = OoyalaSkinSDK;
			productName = OoyalaSkinSDK;
			productReference = 972ED84B1AE6EEEB005043DC /* OoyalaSkinSDK.framework */;
			productType = "com.apple.product-type.framework";
		};
		CA2C6FAE1BEA8599006B86BC /* OoyalaSkinSDKTests */ = {
			isa = PBXNativeTarget;
			buildConfigurationList = CA2C6FB91BEA8599006B86BC /* Build configuration list for PBXNativeTarget "OoyalaSkinSDKTests" */;
			buildPhases = (
				CA2C6FAB1BEA8599006B86BC /* Sources */,
				CA2C6FAC1BEA8599006B86BC /* Frameworks */,
				CA2C6FAD1BEA8599006B86BC /* Resources */,
			);
			buildRules = (
			);
			dependencies = (
				CA2C6FB61BEA8599006B86BC /* PBXTargetDependency */,
			);
			name = OoyalaSkinSDKTests;
			productName = OoyalaSkinSDKTests;
			productReference = CA2C6FAF1BEA8599006B86BC /* OoyalaSkinSDKTests.xctest */;
			productType = "com.apple.product-type.bundle.unit-test";
		};
/* End PBXNativeTarget section */

/* Begin PBXProject section */
		972ED8421AE6EEEB005043DC /* Project object */ = {
			isa = PBXProject;
			attributes = {
				LastUpgradeCheck = 0620;
				ORGANIZATIONNAME = ooyala;
				TargetAttributes = {
					0BD9FC641B4D9E83001E0CAB = {
						CreatedOnToolsVersion = 6.3.2;
					};
					972ED84A1AE6EEEB005043DC = {
						CreatedOnToolsVersion = 6.2;
					};
					CA2C6FAE1BEA8599006B86BC = {
						CreatedOnToolsVersion = 7.1;
					};
				};
			};
			buildConfigurationList = 972ED8451AE6EEEB005043DC /* Build configuration list for PBXProject "OoyalaSkinSDK" */;
			compatibilityVersion = "Xcode 3.2";
			developmentRegion = English;
			hasScannedForEncodings = 0;
			knownRegions = (
				en,
			);
			mainGroup = 972ED8411AE6EEEB005043DC;
			productRefGroup = 972ED84C1AE6EEEB005043DC /* Products */;
			projectDirPath = "";
			projectReferences = (
				{
					ProductGroup = 972ED8B51AE70307005043DC /* Products */;
					ProjectRef = 972ED8B41AE70307005043DC /* RCTImage.xcodeproj */;
				},
				{
					ProductGroup = 45ED116E1B9F634E004968DE /* Products */;
					ProjectRef = 45ED116D1B9F634E004968DE /* RCTNetwork.xcodeproj */;
				},
				{
					ProductGroup = 972ED8CE1AE7075F005043DC /* Products */;
					ProjectRef = 972ED8CD1AE7075F005043DC /* RCTText.xcodeproj */;
				},
				{
					ProductGroup = 45ED11741B9F6369004968DE /* Products */;
					ProjectRef = 45ED11731B9F6369004968DE /* RCTWebSocket.xcodeproj */;
				},
				{
					ProductGroup = 972ED8A21AE6FC3E005043DC /* Products */;
					ProjectRef = 972ED8A11AE6FC3E005043DC /* React.xcodeproj */;
				},
			);
			projectRoot = "";
			targets = (
				972ED84A1AE6EEEB005043DC /* OoyalaSkinSDK */,
				0BD9FC641B4D9E83001E0CAB /* OoyalaSkinSDKUniversal */,
				CA2C6FAE1BEA8599006B86BC /* OoyalaSkinSDKTests */,
			);
		};
/* End PBXProject section */

/* Begin PBXReferenceProxy section */
		45ED11721B9F634E004968DE /* libRCTNetwork.a */ = {
			isa = PBXReferenceProxy;
			fileType = archive.ar;
			path = libRCTNetwork.a;
			remoteRef = 45ED11711B9F634E004968DE /* PBXContainerItemProxy */;
			sourceTree = BUILT_PRODUCTS_DIR;
		};
		45ED11781B9F6369004968DE /* libRCTWebSocket.a */ = {
			isa = PBXReferenceProxy;
			fileType = archive.ar;
			path = libRCTWebSocket.a;
			remoteRef = 45ED11771B9F6369004968DE /* PBXContainerItemProxy */;
			sourceTree = BUILT_PRODUCTS_DIR;
		};
		972ED8A61AE6FC3E005043DC /* libReact.a */ = {
			isa = PBXReferenceProxy;
			fileType = archive.ar;
			path = libReact.a;
			remoteRef = 972ED8A51AE6FC3E005043DC /* PBXContainerItemProxy */;
			sourceTree = BUILT_PRODUCTS_DIR;
		};
		972ED8B91AE70307005043DC /* libRCTImage.a */ = {
			isa = PBXReferenceProxy;
			fileType = archive.ar;
			path = libRCTImage.a;
			remoteRef = 972ED8B81AE70307005043DC /* PBXContainerItemProxy */;
			sourceTree = BUILT_PRODUCTS_DIR;
		};
		972ED8D21AE70760005043DC /* libRCTText.a */ = {
			isa = PBXReferenceProxy;
			fileType = archive.ar;
			path = libRCTText.a;
			remoteRef = 972ED8D11AE70760005043DC /* PBXContainerItemProxy */;
			sourceTree = BUILT_PRODUCTS_DIR;
		};
/* End PBXReferenceProxy section */

/* Begin PBXResourcesBuildPhase section */
		972ED8491AE6EEEB005043DC /* Resources */ = {
			isa = PBXResourcesBuildPhase;
			buildActionMask = 2147483647;
			files = (
				0B8E7F351BDFFC610078155C /* OoyalaSkinSDK.xcassets in Resources */,
			);
			runOnlyForDeploymentPostprocessing = 0;
		};
		CA2C6FAD1BEA8599006B86BC /* Resources */ = {
			isa = PBXResourcesBuildPhase;
			buildActionMask = 2147483647;
			files = (
			);
			runOnlyForDeploymentPostprocessing = 0;
		};
/* End PBXResourcesBuildPhase section */

/* Begin PBXShellScriptBuildPhase section */
		0BD9FC6C1B4D9E95001E0CAB /* ShellScript */ = {
			isa = PBXShellScriptBuildPhase;
			buildActionMask = 2147483647;
			files = (
			);
			inputPaths = (
			);
			outputPaths = (
			);
			runOnlyForDeploymentPostprocessing = 0;
			shellPath = /bin/sh;
			shellScript = "xcodebuild -project ${PROJECT_NAME}.xcodeproj -sdk iphonesimulator -target ${PROJECT_NAME} -configuration ${CONFIGURATION} BUILD_DIR=${BUILD_DIR} clean build\nxcodebuild -project ${PROJECT_NAME}.xcodeproj -sdk iphoneos -target ${PROJECT_NAME} -configuration ${CONFIGURATION} BUILD_DIR=${BUILD_DIR} clean build";
		};
		0BD9FC6D1B4D9E97001E0CAB /* ShellScript */ = {
			isa = PBXShellScriptBuildPhase;
			buildActionMask = 2147483647;
			files = (
			);
			inputPaths = (
			);
			outputPaths = (
			);
			runOnlyForDeploymentPostprocessing = 0;
			shellPath = /bin/sh;
			shellScript = "SIMULATOR_LIBRARY_PATH=\"${BUILD_DIR}/${CONFIGURATION}-iphonesimulator/${PROJECT_NAME}.framework/${PROJECT_NAME}\" &&\nDEVICE_LIBRARY_PATH=\"${BUILD_DIR}/${CONFIGURATION}-iphoneos/${PROJECT_NAME}.framework/${PROJECT_NAME}\" &&\nUNIVERSAL_LIBRARY_PATH=\"${BUILD_DIR}/${PROJECT_NAME}-universal.a\" &&\nlipo \"${SIMULATOR_LIBRARY_PATH}\" \"${DEVICE_LIBRARY_PATH}\" -create -output \"${UNIVERSAL_LIBRARY_PATH}\"";
		};
		0BD9FC881B4DA577001E0CAB /* ShellScript */ = {
			isa = PBXShellScriptBuildPhase;
			buildActionMask = 2147483647;
			files = (
			);
			inputPaths = (
			);
			outputPaths = (
			);
			runOnlyForDeploymentPostprocessing = 0;
			shellPath = /bin/sh;
			shellScript = "# Create the .framework with External Headers\n\nFRAMEWORK_PATH=\"${BUILD_DIR}/${PROJECT_NAME}.framework\"\nFRAMEWORK_HEADERS_PATH=\"${FRAMEWORK_PATH}/Versions/A/Headers\"\n\nUNIVERSAL_LIBRARY_PATH=\"${BUILD_DIR}/${PROJECT_NAME}-universal.a\"\nif [ -d \"${FRAMEWORK_PATH}\" ]; then\n    rm -r ${FRAMEWORK_PATH}\nfi\n\nmkdir -p \"${FRAMEWORK_HEADERS_PATH}\"\nfind \"${PROJECT_NAME}\" -name *.h | grep -v Internal | xargs -I FILE cp FILE \"${FRAMEWORK_HEADERS_PATH}\"\ncp \"${UNIVERSAL_LIBRARY_PATH}\" \"${FRAMEWORK_PATH}/Versions/A/${PROJECT_NAME}\"\n\n# Create the required symlinks\n/bin/ln -sfh A \"${FRAMEWORK_PATH}/Versions/Current\"\n/bin/ln -sfh Versions/Current/Headers \"${FRAMEWORK_PATH}/Headers\"\n/bin/ln -sfh \"Versions/Current/${PROJECT_NAME}\" \"${FRAMEWORK_PATH}/${PROJECT_NAME}\"\n";
		};
/* End PBXShellScriptBuildPhase section */

/* Begin PBXSourcesBuildPhase section */
		972ED8461AE6EEEB005043DC /* Sources */ = {
			isa = PBXSourcesBuildPhase;
			buildActionMask = 2147483647;
			files = (
				CA742B631BE27C3A0056784E /* NSMutableDictionary+Utils.m in Sources */,
				972ED88A1AE6F008005043DC /* OOReactBridge.m in Sources */,
				0BCABD9E1C7F77A900989005 /* OOGradientView.m in Sources */,
				0BCABDA61C7F781200989005 /* OOSkinPlayerObserver.m in Sources */,
				972ED88C1AE6F008005043DC /* OOSkinViewController.m in Sources */,
				5EA2FFA21B20C209004A5080 /* OOSkinAutoUpdatingClosedCaptionsStyle.m in Sources */,
				0BCABD9C1C7F77A900989005 /* OOClosedCaptionsViewManager.m in Sources */,
				0BCABD9A1C7F77A900989005 /* CountdownViewManager.m in Sources */,
				CA1073011BDEFB2A00182031 /* OOVolumeManager.m in Sources */,
				CA742B5B1BE279040056784E /* NSString+Utils.m in Sources */,
				97CF8A011B5076CC008E0470 /* OOLocaleHelper.m in Sources */,
				0B55FDAF1E2EFC5D0019A764 /* OOQueuedEvent.m in Sources */,
				0BCABD981C7F77A900989005 /* CountdownView.m in Sources */,
				CABBC4E81BED017A00A8464A /* NSDictionary+Utils.m in Sources */,
				2F12F5F76ED9606A0BAB9570 /* OOUpNextManager.m in Sources */,
				CAF600E91C3307D800CBB708 /* OOActivityView.m in Sources */,
				0BCABDA01C7F77A900989005 /* OOGradientViewManager.m in Sources */,
				979B01311B910A040032F5CF /* OOConstant.m in Sources */,
				0BCABDA21C7F77A900989005 /* OOVolumeViewManager.m in Sources */,
				9769227C1B8E37F300A61ACF /* OOSkinOptions.m in Sources */,
			);
			runOnlyForDeploymentPostprocessing = 0;
		};
		CA2C6FAB1BEA8599006B86BC /* Sources */ = {
			isa = PBXSourcesBuildPhase;
			buildActionMask = 2147483647;
			files = (
				CA2C6FCA1BEA9715006B86BC /* NSMutableDictionary+UtilsTests.m in Sources */,
				CA2C6FC81BEA8E84006B86BC /* NSString+UtilsTests.m in Sources */,
			);
			runOnlyForDeploymentPostprocessing = 0;
		};
/* End PBXSourcesBuildPhase section */

/* Begin PBXTargetDependency section */
		0BD9FC831B4DA32D001E0CAB /* PBXTargetDependency */ = {
			isa = PBXTargetDependency;
			name = RCTText;
			targetProxy = 0BD9FC821B4DA32D001E0CAB /* PBXContainerItemProxy */;
		};
		0BD9FC851B4DA32D001E0CAB /* PBXTargetDependency */ = {
			isa = PBXTargetDependency;
			name = RCTImage;
			targetProxy = 0BD9FC841B4DA32D001E0CAB /* PBXContainerItemProxy */;
		};
		0BD9FC871B4DA32D001E0CAB /* PBXTargetDependency */ = {
			isa = PBXTargetDependency;
			name = React;
			targetProxy = 0BD9FC861B4DA32D001E0CAB /* PBXContainerItemProxy */;
		};
		4588D98E1B9F7F7200B44883 /* PBXTargetDependency */ = {
			isa = PBXTargetDependency;
			name = RCTWebSocket;
			targetProxy = 4588D98D1B9F7F7200B44883 /* PBXContainerItemProxy */;
		};
		4588D9901B9F7F7200B44883 /* PBXTargetDependency */ = {
			isa = PBXTargetDependency;
			name = RCTNetwork;
			targetProxy = 4588D98F1B9F7F7200B44883 /* PBXContainerItemProxy */;
		};
		CA2C6FB61BEA8599006B86BC /* PBXTargetDependency */ = {
			isa = PBXTargetDependency;
			target = 972ED84A1AE6EEEB005043DC /* OoyalaSkinSDK */;
			targetProxy = CA2C6FB51BEA8599006B86BC /* PBXContainerItemProxy */;
		};
/* End PBXTargetDependency section */

/* Begin XCBuildConfiguration section */
		0BD9FC651B4D9E83001E0CAB /* Debug */ = {
			isa = XCBuildConfiguration;
			buildSettings = {
				ONLY_ACTIVE_ARCH = NO;
				PRODUCT_NAME = "$(TARGET_NAME)";
				VALID_ARCHS = "arm64 armv7 armv7s i386 x86_64";
			};
			name = Debug;
		};
		0BD9FC661B4D9E83001E0CAB /* Release */ = {
			isa = XCBuildConfiguration;
			buildSettings = {
				PRODUCT_NAME = "$(TARGET_NAME)";
				VALID_ARCHS = "arm64 armv7 armv7s i386 x86_64";
			};
			name = Release;
		};
		972ED85F1AE6EEEB005043DC /* Debug */ = {
			isa = XCBuildConfiguration;
			buildSettings = {
				ALWAYS_SEARCH_USER_PATHS = NO;
				CLANG_CXX_LANGUAGE_STANDARD = "gnu++0x";
				CLANG_CXX_LIBRARY = "libc++";
				CLANG_ENABLE_MODULES = YES;
				CLANG_ENABLE_OBJC_ARC = YES;
				CLANG_WARN_BOOL_CONVERSION = YES;
				CLANG_WARN_CONSTANT_CONVERSION = YES;
				CLANG_WARN_DIRECT_OBJC_ISA_USAGE = YES_ERROR;
				CLANG_WARN_EMPTY_BODY = YES;
				CLANG_WARN_ENUM_CONVERSION = YES;
				CLANG_WARN_INT_CONVERSION = YES;
				CLANG_WARN_OBJC_ROOT_CLASS = YES_ERROR;
				CLANG_WARN_UNREACHABLE_CODE = YES;
				CLANG_WARN__DUPLICATE_METHOD_MATCH = YES;
				"CODE_SIGN_IDENTITY[sdk=iphoneos*]" = "iPhone Developer";
				COPY_PHASE_STRIP = NO;
				CURRENT_PROJECT_VERSION = 1;
				ENABLE_STRICT_OBJC_MSGSEND = YES;
				GCC_C_LANGUAGE_STANDARD = gnu99;
				GCC_DYNAMIC_NO_PIC = NO;
				GCC_OPTIMIZATION_LEVEL = 0;
				GCC_PREPROCESSOR_DEFINITIONS = (
					"DEBUG=1",
					"$(inherited)",
				);
				GCC_SYMBOLS_PRIVATE_EXTERN = NO;
				GCC_WARN_64_TO_32_BIT_CONVERSION = YES;
				GCC_WARN_ABOUT_RETURN_TYPE = YES_ERROR;
				GCC_WARN_UNDECLARED_SELECTOR = YES;
				GCC_WARN_UNINITIALIZED_AUTOS = YES_AGGRESSIVE;
				GCC_WARN_UNUSED_FUNCTION = YES;
				GCC_WARN_UNUSED_VARIABLE = YES;
				HEADER_SEARCH_PATHS = (
					"$(inherited)",
					/Applications/Xcode.app/Contents/Developer/Toolchains/XcodeDefault.xctoolchain/usr/include,
					"$(SRCROOT)/node_modules/react-native/React/**",
				);
				IPHONEOS_DEPLOYMENT_TARGET = 8.2;
				MTL_ENABLE_DEBUG_INFO = YES;
				ONLY_ACTIVE_ARCH = NO;
				OTHER_LDFLAGS = "-ObjC";
				SDKROOT = iphoneos;
				TARGETED_DEVICE_FAMILY = "1,2";
				VALID_ARCHS = "arm64 armv7 armv7s i386  x86_64";
				VERSIONING_SYSTEM = "apple-generic";
				VERSION_INFO_PREFIX = "";
			};
			name = Debug;
		};
		972ED8601AE6EEEB005043DC /* Release */ = {
			isa = XCBuildConfiguration;
			buildSettings = {
				ALWAYS_SEARCH_USER_PATHS = NO;
				CLANG_CXX_LANGUAGE_STANDARD = "gnu++0x";
				CLANG_CXX_LIBRARY = "libc++";
				CLANG_ENABLE_MODULES = YES;
				CLANG_ENABLE_OBJC_ARC = YES;
				CLANG_WARN_BOOL_CONVERSION = YES;
				CLANG_WARN_CONSTANT_CONVERSION = YES;
				CLANG_WARN_DIRECT_OBJC_ISA_USAGE = YES_ERROR;
				CLANG_WARN_EMPTY_BODY = YES;
				CLANG_WARN_ENUM_CONVERSION = YES;
				CLANG_WARN_INT_CONVERSION = YES;
				CLANG_WARN_OBJC_ROOT_CLASS = YES_ERROR;
				CLANG_WARN_UNREACHABLE_CODE = YES;
				CLANG_WARN__DUPLICATE_METHOD_MATCH = YES;
				"CODE_SIGN_IDENTITY[sdk=iphoneos*]" = "iPhone Developer";
				COPY_PHASE_STRIP = NO;
				CURRENT_PROJECT_VERSION = 1;
				ENABLE_NS_ASSERTIONS = NO;
				ENABLE_STRICT_OBJC_MSGSEND = YES;
				GCC_C_LANGUAGE_STANDARD = gnu99;
				GCC_WARN_64_TO_32_BIT_CONVERSION = YES;
				GCC_WARN_ABOUT_RETURN_TYPE = YES_ERROR;
				GCC_WARN_UNDECLARED_SELECTOR = YES;
				GCC_WARN_UNINITIALIZED_AUTOS = YES_AGGRESSIVE;
				GCC_WARN_UNUSED_FUNCTION = YES;
				GCC_WARN_UNUSED_VARIABLE = YES;
				HEADER_SEARCH_PATHS = (
					"$(inherited)",
					/Applications/Xcode.app/Contents/Developer/Toolchains/XcodeDefault.xctoolchain/usr/include,
					"$(SRCROOT)/node_modules/react-native/React/**",
				);
				IPHONEOS_DEPLOYMENT_TARGET = 8.2;
				MTL_ENABLE_DEBUG_INFO = NO;
				OTHER_LDFLAGS = "-ObjC";
				SDKROOT = iphoneos;
				TARGETED_DEVICE_FAMILY = "1,2";
				VALIDATE_PRODUCT = YES;
				VALID_ARCHS = "arm64 armv7 armv7s i386  x86_64";
				VERSIONING_SYSTEM = "apple-generic";
				VERSION_INFO_PREFIX = "";
			};
			name = Release;
		};
		972ED8621AE6EEEB005043DC /* Debug */ = {
			isa = XCBuildConfiguration;
			buildSettings = {
				CLANG_ENABLE_MODULES = NO;
				DEFINES_MODULE = YES;
				DYLIB_COMPATIBILITY_VERSION = 1;
				DYLIB_CURRENT_VERSION = 1;
				DYLIB_INSTALL_NAME_BASE = "@rpath";
				FRAMEWORK_SEARCH_PATHS = "$(PROJECT_DIR)/VendorLibraries/**";
				HEADER_SEARCH_PATHS = (
					/Applications/Xcode.app/Contents/Developer/Toolchains/XcodeDefault.xctoolchain/usr/include,
					"${PROJECT_DIR}/../react/node_modules/react-native/React/**",
				);
				INFOPLIST_FILE = OoyalaSkinSDK/Info.plist;
				INSTALL_PATH = "$(LOCAL_LIBRARY_DIR)/Frameworks";
				IPHONEOS_DEPLOYMENT_TARGET = 7.0;
				LD_RUNPATH_SEARCH_PATHS = "$(inherited) @executable_path/Frameworks @loader_path/Frameworks";
				MACH_O_TYPE = staticlib;
				ONLY_ACTIVE_ARCH = NO;
				PRODUCT_NAME = "$(TARGET_NAME)";
				SKIP_INSTALL = YES;
				VALID_ARCHS = "arm64 armv7 armv7s i386 x86_64";
			};
			name = Debug;
		};
		972ED8631AE6EEEB005043DC /* Release */ = {
			isa = XCBuildConfiguration;
			buildSettings = {
				CLANG_ENABLE_MODULES = NO;
				DEFINES_MODULE = YES;
				DYLIB_COMPATIBILITY_VERSION = 1;
				DYLIB_CURRENT_VERSION = 1;
				DYLIB_INSTALL_NAME_BASE = "@rpath";
				FRAMEWORK_SEARCH_PATHS = "$(PROJECT_DIR)/VendorLibraries/**";
				HEADER_SEARCH_PATHS = (
					/Applications/Xcode.app/Contents/Developer/Toolchains/XcodeDefault.xctoolchain/usr/include,
					"${PROJECT_DIR}/../react/node_modules/react-native/React/**",
				);
				INFOPLIST_FILE = OoyalaSkinSDK/Info.plist;
				INSTALL_PATH = "$(LOCAL_LIBRARY_DIR)/Frameworks";
				IPHONEOS_DEPLOYMENT_TARGET = 7.0;
				LD_RUNPATH_SEARCH_PATHS = "$(inherited) @executable_path/Frameworks @loader_path/Frameworks";
				MACH_O_TYPE = staticlib;
				PRODUCT_NAME = "$(TARGET_NAME)";
				SKIP_INSTALL = YES;
				VALID_ARCHS = "arm64 armv7 armv7s i386 x86_64";
			};
			name = Release;
		};
		CA2C6FB71BEA8599006B86BC /* Debug */ = {
			isa = XCBuildConfiguration;
			buildSettings = {
				DEBUG_INFORMATION_FORMAT = dwarf;
				ENABLE_TESTABILITY = NO;
				FRAMEWORK_SEARCH_PATHS = (
					"$(inherited)",
					"$(PROJECT_DIR)/VendorLibraries/**",
				);
				GCC_NO_COMMON_BLOCKS = YES;
				INFOPLIST_FILE = OoyalaSkinSDKTests/Info.plist;
				IPHONEOS_DEPLOYMENT_TARGET = 8.0;
				LD_RUNPATH_SEARCH_PATHS = "$(inherited) @executable_path/Frameworks @loader_path/Frameworks";
				ONLY_ACTIVE_ARCH = YES;
				PRODUCT_BUNDLE_IDENTIFIER = com.ooyala.OoyalaSkinSDKTests;
				PRODUCT_NAME = "$(TARGET_NAME)";
			};
			name = Debug;
		};
		CA2C6FB81BEA8599006B86BC /* Release */ = {
			isa = XCBuildConfiguration;
			buildSettings = {
				DEBUG_INFORMATION_FORMAT = "dwarf-with-dsym";
				ENABLE_TESTABILITY = NO;
				FRAMEWORK_SEARCH_PATHS = (
					"$(inherited)",
					"$(PROJECT_DIR)/VendorLibraries/**",
				);
				GCC_NO_COMMON_BLOCKS = YES;
				INFOPLIST_FILE = OoyalaSkinSDKTests/Info.plist;
				IPHONEOS_DEPLOYMENT_TARGET = 8.0;
				LD_RUNPATH_SEARCH_PATHS = "$(inherited) @executable_path/Frameworks @loader_path/Frameworks";
				PRODUCT_BUNDLE_IDENTIFIER = com.ooyala.OoyalaSkinSDKTests;
				PRODUCT_NAME = "$(TARGET_NAME)";
			};
			name = Release;
		};
/* End XCBuildConfiguration section */

/* Begin XCConfigurationList section */
		0BD9FC6B1B4D9E83001E0CAB /* Build configuration list for PBXAggregateTarget "OoyalaSkinSDKUniversal" */ = {
			isa = XCConfigurationList;
			buildConfigurations = (
				0BD9FC651B4D9E83001E0CAB /* Debug */,
				0BD9FC661B4D9E83001E0CAB /* Release */,
			);
			defaultConfigurationIsVisible = 0;
			defaultConfigurationName = Release;
		};
		972ED8451AE6EEEB005043DC /* Build configuration list for PBXProject "OoyalaSkinSDK" */ = {
			isa = XCConfigurationList;
			buildConfigurations = (
				972ED85F1AE6EEEB005043DC /* Debug */,
				972ED8601AE6EEEB005043DC /* Release */,
			);
			defaultConfigurationIsVisible = 0;
			defaultConfigurationName = Release;
		};
		972ED8611AE6EEEB005043DC /* Build configuration list for PBXNativeTarget "OoyalaSkinSDK" */ = {
			isa = XCConfigurationList;
			buildConfigurations = (
				972ED8621AE6EEEB005043DC /* Debug */,
				972ED8631AE6EEEB005043DC /* Release */,
			);
			defaultConfigurationIsVisible = 0;
			defaultConfigurationName = Release;
		};
		CA2C6FB91BEA8599006B86BC /* Build configuration list for PBXNativeTarget "OoyalaSkinSDKTests" */ = {
			isa = XCConfigurationList;
			buildConfigurations = (
				CA2C6FB71BEA8599006B86BC /* Debug */,
				CA2C6FB81BEA8599006B86BC /* Release */,
			);
			defaultConfigurationIsVisible = 0;
			defaultConfigurationName = Release;
		};
/* End XCConfigurationList section */
	};
	rootObject = 972ED8421AE6EEEB005043DC /* Project object */;
}
