// !$*UTF8*$!
{
	archiveVersion = 1;
	classes = {
	};
	objectVersion = 46;
	objects = {

/* Begin PBXBuildFile section */
		5E970A4F1B151431002E0CB1 /* OOClosedCaptionsViewManager.h in Headers */ = {isa = PBXBuildFile; fileRef = 5E970A4D1B151431002E0CB1 /* OOClosedCaptionsViewManager.h */; };
		5E970A501B151431002E0CB1 /* OOClosedCaptionsViewManager.m in Sources */ = {isa = PBXBuildFile; fileRef = 5E970A4E1B151431002E0CB1 /* OOClosedCaptionsViewManager.m */; };
		5EA2FFA11B20C209004A5080 /* OOSkinAutoUpdatingClosedCaptionsStyle.h in Headers */ = {isa = PBXBuildFile; fileRef = 5EA2FF9F1B20C209004A5080 /* OOSkinAutoUpdatingClosedCaptionsStyle.h */; };
		5EA2FFA21B20C209004A5080 /* OOSkinAutoUpdatingClosedCaptionsStyle.m in Sources */ = {isa = PBXBuildFile; fileRef = 5EA2FFA01B20C209004A5080 /* OOSkinAutoUpdatingClosedCaptionsStyle.m */; };
		5EEDC9D01B0E7B9000A3AD27 /* constants.js in Resources */ = {isa = PBXBuildFile; fileRef = 5EEDC9C41B0E7B9000A3AD27 /* constants.js */; };
		5EEDC9D11B0E7B9000A3AD27 /* controlBar.js in Resources */ = {isa = PBXBuildFile; fileRef = 5EEDC9C51B0E7B9000A3AD27 /* controlBar.js */; };
		5EEDC9D21B0E7B9000A3AD27 /* EndScreen.js in Resources */ = {isa = PBXBuildFile; fileRef = 5EEDC9C61B0E7B9000A3AD27 /* EndScreen.js */; };
		5EEDC9D31B0E7B9000A3AD27 /* infoPanel.js in Resources */ = {isa = PBXBuildFile; fileRef = 5EEDC9C71B0E7B9000A3AD27 /* infoPanel.js */; };
		5EEDC9D41B0E7B9000A3AD27 /* ooyalaSkin.js in Resources */ = {isa = PBXBuildFile; fileRef = 5EEDC9C81B0E7B9000A3AD27 /* ooyalaSkin.js */; };
		5EEDC9D51B0E7B9000A3AD27 /* PauseScreen.js in Resources */ = {isa = PBXBuildFile; fileRef = 5EEDC9C91B0E7B9000A3AD27 /* PauseScreen.js */; };
		5EEDC9D61B0E7B9000A3AD27 /* pauseScreenStyles.js in Resources */ = {isa = PBXBuildFile; fileRef = 5EEDC9CA1B0E7B9000A3AD27 /* pauseScreenStyles.js */; };
		5EEDC9D71B0E7B9000A3AD27 /* progressBar.js in Resources */ = {isa = PBXBuildFile; fileRef = 5EEDC9CB1B0E7B9000A3AD27 /* progressBar.js */; };
		5EEDC9D81B0E7B9000A3AD27 /* sharePanel.js in Resources */ = {isa = PBXBuildFile; fileRef = 5EEDC9CC1B0E7B9000A3AD27 /* sharePanel.js */; };
		5EEDC9D91B0E7B9000A3AD27 /* StartScreen.js in Resources */ = {isa = PBXBuildFile; fileRef = 5EEDC9CD1B0E7B9000A3AD27 /* StartScreen.js */; };
		5EEDC9DA1B0E7B9000A3AD27 /* videoView.js in Resources */ = {isa = PBXBuildFile; fileRef = 5EEDC9CE1B0E7B9000A3AD27 /* videoView.js */; };
		5EEDC9DB1B0E7B9000A3AD27 /* waterMark.js in Resources */ = {isa = PBXBuildFile; fileRef = 5EEDC9CF1B0E7B9000A3AD27 /* waterMark.js */; };
		5EEDC9E51B0E7C6900A3AD27 /* closedCaptionsView.js in Resources */ = {isa = PBXBuildFile; fileRef = 5EEDC9E41B0E7C6900A3AD27 /* closedCaptionsView.js */; };
		9724B8D31B018A3F00C1623F /* libRCTAnimationExperimental.a in Frameworks */ = {isa = PBXBuildFile; fileRef = 9724B8D21B0185DB00C1623F /* libRCTAnimationExperimental.a */; };
		972ED8571AE6EEEB005043DC /* OoyalaSkinSDK.framework in Frameworks */ = {isa = PBXBuildFile; fileRef = 972ED84B1AE6EEEB005043DC /* OoyalaSkinSDK.framework */; };
		972ED8891AE6F008005043DC /* OOReactBridge.h in Headers */ = {isa = PBXBuildFile; fileRef = 972ED8851AE6F008005043DC /* OOReactBridge.h */; settings = {ATTRIBUTES = (Private, ); }; };
		972ED88A1AE6F008005043DC /* OOReactBridge.m in Sources */ = {isa = PBXBuildFile; fileRef = 972ED8861AE6F008005043DC /* OOReactBridge.m */; };
		972ED88B1AE6F008005043DC /* OOSkinViewController.h in Headers */ = {isa = PBXBuildFile; fileRef = 972ED8871AE6F008005043DC /* OOSkinViewController.h */; settings = {ATTRIBUTES = (Public, ); }; };
		972ED88C1AE6F008005043DC /* OOSkinViewController.m in Sources */ = {isa = PBXBuildFile; fileRef = 972ED8881AE6F008005043DC /* OOSkinViewController.m */; };
		972ED8A71AE6FCAB005043DC /* libReact.a in Frameworks */ = {isa = PBXBuildFile; fileRef = 972ED8A61AE6FC3E005043DC /* libReact.a */; };
		972ED8AB1AE7011D005043DC /* MediaPlayer.framework in Frameworks */ = {isa = PBXBuildFile; fileRef = 972ED8AA1AE7011D005043DC /* MediaPlayer.framework */; };
		972ED8AD1AE7016A005043DC /* SystemConfiguration.framework in Frameworks */ = {isa = PBXBuildFile; fileRef = 972ED8AC1AE7016A005043DC /* SystemConfiguration.framework */; };
		972ED8CC1AE70631005043DC /* libz.dylib in Frameworks */ = {isa = PBXBuildFile; fileRef = 972ED8CB1AE70631005043DC /* libz.dylib */; };
		972ED8D31AE70806005043DC /* libRCTImage.a in Frameworks */ = {isa = PBXBuildFile; fileRef = 972ED8B91AE70307005043DC /* libRCTImage.a */; };
		972ED8D41AE7080C005043DC /* libRCTText.a in Frameworks */ = {isa = PBXBuildFile; fileRef = 972ED8D21AE70760005043DC /* libRCTText.a */; };
		97637E2C1B1E700900501427 /* OoyalaSDK.framework in Frameworks */ = {isa = PBXBuildFile; fileRef = 97637E2B1B1E700900501427 /* OoyalaSDK.framework */; };
/* End PBXBuildFile section */

/* Begin PBXContainerItemProxy section */
		9724B8D11B0185DB00C1623F /* PBXContainerItemProxy */ = {
			isa = PBXContainerItemProxy;
			containerPortal = 9724B8CD1B0185DB00C1623F /* RCTAnimationExperimental.xcodeproj */;
			proxyType = 2;
			remoteGlobalIDString = 134814201AA4EA6300B7C361;
			remoteInfo = RCTAnimationExperimental;
		};
		972ED8581AE6EEEB005043DC /* PBXContainerItemProxy */ = {
			isa = PBXContainerItemProxy;
			containerPortal = 972ED8421AE6EEEB005043DC /* Project object */;
			proxyType = 1;
			remoteGlobalIDString = 972ED84A1AE6EEEB005043DC;
			remoteInfo = OoyalaSkinSDK;
		};
		972ED8A51AE6FC3E005043DC /* PBXContainerItemProxy */ = {
			isa = PBXContainerItemProxy;
			containerPortal = 972ED8A11AE6FC3E005043DC /* React.xcodeproj */;
			proxyType = 2;
			remoteGlobalIDString = 83CBBA2E1A601D0E00E9B192;
			remoteInfo = React;
		};
		972ED8B81AE70307005043DC /* PBXContainerItemProxy */ = {
			isa = PBXContainerItemProxy;
			containerPortal = 972ED8B41AE70307005043DC /* RCTImage.xcodeproj */;
			proxyType = 2;
			remoteGlobalIDString = 58B5115D1A9E6B3D00147676;
			remoteInfo = RCTImage;
		};
		972ED8D11AE70760005043DC /* PBXContainerItemProxy */ = {
			isa = PBXContainerItemProxy;
			containerPortal = 972ED8CD1AE7075F005043DC /* RCTText.xcodeproj */;
			proxyType = 2;
			remoteGlobalIDString = 58B5119B1A9E6C1200147676;
			remoteInfo = RCTText;
		};
/* End PBXContainerItemProxy section */

/* Begin PBXFileReference section */
		5E970A4D1B151431002E0CB1 /* OOClosedCaptionsViewManager.h */ = {isa = PBXFileReference; fileEncoding = 4; lastKnownFileType = sourcecode.c.h; path = OOClosedCaptionsViewManager.h; sourceTree = "<group>"; };
		5E970A4E1B151431002E0CB1 /* OOClosedCaptionsViewManager.m */ = {isa = PBXFileReference; fileEncoding = 4; lastKnownFileType = sourcecode.c.objc; path = OOClosedCaptionsViewManager.m; sourceTree = "<group>"; };
		5EA2FF9F1B20C209004A5080 /* OOSkinAutoUpdatingClosedCaptionsStyle.h */ = {isa = PBXFileReference; fileEncoding = 4; lastKnownFileType = sourcecode.c.h; path = OOSkinAutoUpdatingClosedCaptionsStyle.h; sourceTree = "<group>"; };
		5EA2FFA01B20C209004A5080 /* OOSkinAutoUpdatingClosedCaptionsStyle.m */ = {isa = PBXFileReference; fileEncoding = 4; lastKnownFileType = sourcecode.c.objc; path = OOSkinAutoUpdatingClosedCaptionsStyle.m; sourceTree = "<group>"; };
		5EEDC9C41B0E7B9000A3AD27 /* constants.js */ = {isa = PBXFileReference; fileEncoding = 4; lastKnownFileType = sourcecode.javascript; path = constants.js; sourceTree = "<group>"; };
		5EEDC9C51B0E7B9000A3AD27 /* controlBar.js */ = {isa = PBXFileReference; fileEncoding = 4; lastKnownFileType = sourcecode.javascript; path = controlBar.js; sourceTree = "<group>"; };
		5EEDC9C61B0E7B9000A3AD27 /* EndScreen.js */ = {isa = PBXFileReference; fileEncoding = 4; lastKnownFileType = sourcecode.javascript; path = EndScreen.js; sourceTree = "<group>"; };
		5EEDC9C71B0E7B9000A3AD27 /* infoPanel.js */ = {isa = PBXFileReference; fileEncoding = 4; lastKnownFileType = sourcecode.javascript; path = infoPanel.js; sourceTree = "<group>"; };
		5EEDC9C81B0E7B9000A3AD27 /* ooyalaSkin.js */ = {isa = PBXFileReference; fileEncoding = 4; lastKnownFileType = sourcecode.javascript; path = ooyalaSkin.js; sourceTree = "<group>"; };
		5EEDC9C91B0E7B9000A3AD27 /* PauseScreen.js */ = {isa = PBXFileReference; fileEncoding = 4; lastKnownFileType = sourcecode.javascript; path = PauseScreen.js; sourceTree = "<group>"; };
		5EEDC9CA1B0E7B9000A3AD27 /* pauseScreenStyles.js */ = {isa = PBXFileReference; fileEncoding = 4; lastKnownFileType = sourcecode.javascript; path = pauseScreenStyles.js; sourceTree = "<group>"; };
		5EEDC9CB1B0E7B9000A3AD27 /* progressBar.js */ = {isa = PBXFileReference; fileEncoding = 4; lastKnownFileType = sourcecode.javascript; path = progressBar.js; sourceTree = "<group>"; };
		5EEDC9CC1B0E7B9000A3AD27 /* sharePanel.js */ = {isa = PBXFileReference; fileEncoding = 4; lastKnownFileType = sourcecode.javascript; path = sharePanel.js; sourceTree = "<group>"; };
		5EEDC9CD1B0E7B9000A3AD27 /* StartScreen.js */ = {isa = PBXFileReference; fileEncoding = 4; lastKnownFileType = sourcecode.javascript; path = StartScreen.js; sourceTree = "<group>"; };
		5EEDC9CE1B0E7B9000A3AD27 /* videoView.js */ = {isa = PBXFileReference; fileEncoding = 4; lastKnownFileType = sourcecode.javascript; path = videoView.js; sourceTree = "<group>"; };
		5EEDC9CF1B0E7B9000A3AD27 /* waterMark.js */ = {isa = PBXFileReference; fileEncoding = 4; lastKnownFileType = sourcecode.javascript; path = waterMark.js; sourceTree = "<group>"; };
		5EEDC9E41B0E7C6900A3AD27 /* closedCaptionsView.js */ = {isa = PBXFileReference; fileEncoding = 4; lastKnownFileType = sourcecode.javascript; path = closedCaptionsView.js; sourceTree = "<group>"; };
		5EEDCAAA1B0EA7AB00A3AD27 /* OoyalaSDK.framework */ = {isa = PBXFileReference; lastKnownFileType = wrapper.framework; name = OoyalaSDK.framework; path = "../../../ios-sdk/sdk/build/Debug-iphoneos/OoyalaSDK.framework"; sourceTree = "<group>"; };
		9724B8CD1B0185DB00C1623F /* RCTAnimationExperimental.xcodeproj */ = {isa = PBXFileReference; lastKnownFileType = "wrapper.pb-project"; name = RCTAnimationExperimental.xcodeproj; path = "react-native/Libraries/Animation/RCTAnimationExperimental.xcodeproj"; sourceTree = "<group>"; };
		972ED84B1AE6EEEB005043DC /* OoyalaSkinSDK.framework */ = {isa = PBXFileReference; explicitFileType = wrapper.framework; includeInIndex = 0; path = OoyalaSkinSDK.framework; sourceTree = BUILT_PRODUCTS_DIR; };
		972ED84F1AE6EEEB005043DC /* Info.plist */ = {isa = PBXFileReference; lastKnownFileType = text.plist.xml; path = Info.plist; sourceTree = "<group>"; };
		972ED8561AE6EEEB005043DC /* OoyalaSkinSDKTests.xctest */ = {isa = PBXFileReference; explicitFileType = wrapper.cfbundle; includeInIndex = 0; path = OoyalaSkinSDKTests.xctest; sourceTree = BUILT_PRODUCTS_DIR; };
		972ED8851AE6F008005043DC /* OOReactBridge.h */ = {isa = PBXFileReference; fileEncoding = 4; lastKnownFileType = sourcecode.c.h; path = OOReactBridge.h; sourceTree = "<group>"; };
		972ED8861AE6F008005043DC /* OOReactBridge.m */ = {isa = PBXFileReference; fileEncoding = 4; lastKnownFileType = sourcecode.c.objc; path = OOReactBridge.m; sourceTree = "<group>"; };
		972ED8871AE6F008005043DC /* OOSkinViewController.h */ = {isa = PBXFileReference; fileEncoding = 4; lastKnownFileType = sourcecode.c.h; path = OOSkinViewController.h; sourceTree = "<group>"; };
		972ED8881AE6F008005043DC /* OOSkinViewController.m */ = {isa = PBXFileReference; fileEncoding = 4; lastKnownFileType = sourcecode.c.objc; path = OOSkinViewController.m; sourceTree = "<group>"; };
		972ED8A11AE6FC3E005043DC /* React.xcodeproj */ = {isa = PBXFileReference; lastKnownFileType = "wrapper.pb-project"; name = React.xcodeproj; path = "react-native/React/React.xcodeproj"; sourceTree = "<group>"; };
		972ED8A81AE6FCB3005043DC /* OoyalaSDK.framework */ = {isa = PBXFileReference; lastKnownFileType = wrapper.framework; name = OoyalaSDK.framework; path = "../../ios-sdk/sdk/build/Debug-iphoneos/OoyalaSDK.framework"; sourceTree = "<group>"; };
		972ED8AA1AE7011D005043DC /* MediaPlayer.framework */ = {isa = PBXFileReference; lastKnownFileType = wrapper.framework; name = MediaPlayer.framework; path = System/Library/Frameworks/MediaPlayer.framework; sourceTree = SDKROOT; };
		972ED8AC1AE7016A005043DC /* SystemConfiguration.framework */ = {isa = PBXFileReference; lastKnownFileType = wrapper.framework; name = SystemConfiguration.framework; path = System/Library/Frameworks/SystemConfiguration.framework; sourceTree = SDKROOT; };
		972ED8B41AE70307005043DC /* RCTImage.xcodeproj */ = {isa = PBXFileReference; lastKnownFileType = "wrapper.pb-project"; name = RCTImage.xcodeproj; path = "react-native/Libraries/Image/RCTImage.xcodeproj"; sourceTree = "<group>"; };
		972ED8CB1AE70631005043DC /* libz.dylib */ = {isa = PBXFileReference; lastKnownFileType = "compiled.mach-o.dylib"; name = libz.dylib; path = usr/lib/libz.dylib; sourceTree = SDKROOT; };
		972ED8CD1AE7075F005043DC /* RCTText.xcodeproj */ = {isa = PBXFileReference; lastKnownFileType = "wrapper.pb-project"; name = RCTText.xcodeproj; path = "react-native/Libraries/Text/RCTText.xcodeproj"; sourceTree = "<group>"; };
		97637E2B1B1E700900501427 /* OoyalaSDK.framework */ = {isa = PBXFileReference; lastKnownFileType = wrapper.framework; name = OoyalaSDK.framework; path = "../../ios-sdk/sdk/build/Debug-iphoneos/OoyalaSDK.framework"; sourceTree = "<group>"; };
/* End PBXFileReference section */

/* Begin PBXFrameworksBuildPhase section */
		972ED8471AE6EEEB005043DC /* Frameworks */ = {
			isa = PBXFrameworksBuildPhase;
			buildActionMask = 2147483647;
			files = (
				97637E2C1B1E700900501427 /* OoyalaSDK.framework in Frameworks */,
				9724B8D31B018A3F00C1623F /* libRCTAnimationExperimental.a in Frameworks */,
				972ED8D41AE7080C005043DC /* libRCTText.a in Frameworks */,
				972ED8D31AE70806005043DC /* libRCTImage.a in Frameworks */,
				972ED8CC1AE70631005043DC /* libz.dylib in Frameworks */,
				972ED8AD1AE7016A005043DC /* SystemConfiguration.framework in Frameworks */,
				972ED8AB1AE7011D005043DC /* MediaPlayer.framework in Frameworks */,
				972ED8A71AE6FCAB005043DC /* libReact.a in Frameworks */,
			);
			runOnlyForDeploymentPostprocessing = 0;
		};
		972ED8531AE6EEEB005043DC /* Frameworks */ = {
			isa = PBXFrameworksBuildPhase;
			buildActionMask = 2147483647;
			files = (
				972ED8571AE6EEEB005043DC /* OoyalaSkinSDK.framework in Frameworks */,
			);
			runOnlyForDeploymentPostprocessing = 0;
		};
/* End PBXFrameworksBuildPhase section */

/* Begin PBXGroup section */
		5EEDC9C31B0E7B8100A3AD27 /* JSX */ = {
			isa = PBXGroup;
			children = (
				5EEDC9E41B0E7C6900A3AD27 /* closedCaptionsView.js */,
				5EEDC9C41B0E7B9000A3AD27 /* constants.js */,
				5EEDC9C51B0E7B9000A3AD27 /* controlBar.js */,
				5EEDC9C61B0E7B9000A3AD27 /* EndScreen.js */,
				5EEDC9C71B0E7B9000A3AD27 /* infoPanel.js */,
				5EEDC9C81B0E7B9000A3AD27 /* ooyalaSkin.js */,
				5EEDC9C91B0E7B9000A3AD27 /* PauseScreen.js */,
				5EEDC9CA1B0E7B9000A3AD27 /* pauseScreenStyles.js */,
				5EEDC9CB1B0E7B9000A3AD27 /* progressBar.js */,
				5EEDC9CC1B0E7B9000A3AD27 /* sharePanel.js */,
				5EEDC9CD1B0E7B9000A3AD27 /* StartScreen.js */,
				5EEDC9CE1B0E7B9000A3AD27 /* videoView.js */,
				5EEDC9CF1B0E7B9000A3AD27 /* waterMark.js */,
			);
			name = JSX;
			sourceTree = "<group>";
		};
		9724B8CE1B0185DB00C1623F /* Products */ = {
			isa = PBXGroup;
			children = (
				9724B8D21B0185DB00C1623F /* libRCTAnimationExperimental.a */,
			);
			name = Products;
			sourceTree = "<group>";
		};
		972ED8411AE6EEEB005043DC = {
			isa = PBXGroup;
			children = (
				97637E2B1B1E700900501427 /* OoyalaSDK.framework */,
				5EEDCAAA1B0EA7AB00A3AD27 /* OoyalaSDK.framework */,
				5EEDC9C31B0E7B8100A3AD27 /* JSX */,
				FF12905E1AEABA9B00664374 /* framework */,
				972ED88F1AE6F6A5005043DC /* Libraries */,
				972ED84D1AE6EEEB005043DC /* OoyalaSkinSDK */,
				972ED84C1AE6EEEB005043DC /* Products */,
			);
			sourceTree = "<group>";
		};
		972ED84C1AE6EEEB005043DC /* Products */ = {
			isa = PBXGroup;
			children = (
				972ED84B1AE6EEEB005043DC /* OoyalaSkinSDK.framework */,
				972ED8561AE6EEEB005043DC /* OoyalaSkinSDKTests.xctest */,
			);
			name = Products;
			sourceTree = "<group>";
		};
		972ED84D1AE6EEEB005043DC /* OoyalaSkinSDK */ = {
			isa = PBXGroup;
			children = (
				972ED8851AE6F008005043DC /* OOReactBridge.h */,
				972ED8861AE6F008005043DC /* OOReactBridge.m */,
				972ED8871AE6F008005043DC /* OOSkinViewController.h */,
				972ED8881AE6F008005043DC /* OOSkinViewController.m */,
				5EA2FF9F1B20C209004A5080 /* OOSkinAutoUpdatingClosedCaptionsStyle.h */,
				5EA2FFA01B20C209004A5080 /* OOSkinAutoUpdatingClosedCaptionsStyle.m */,
				5E970A4D1B151431002E0CB1 /* OOClosedCaptionsViewManager.h */,
				5E970A4E1B151431002E0CB1 /* OOClosedCaptionsViewManager.m */,
				972ED84E1AE6EEEB005043DC /* Supporting Files */,
			);
			path = OoyalaSkinSDK;
			sourceTree = "<group>";
		};
		972ED84E1AE6EEEB005043DC /* Supporting Files */ = {
			isa = PBXGroup;
			children = (
				972ED84F1AE6EEEB005043DC /* Info.plist */,
			);
			name = "Supporting Files";
			sourceTree = "<group>";
		};
		972ED88F1AE6F6A5005043DC /* Libraries */ = {
			isa = PBXGroup;
			children = (
				9724B8CD1B0185DB00C1623F /* RCTAnimationExperimental.xcodeproj */,
				972ED8CD1AE7075F005043DC /* RCTText.xcodeproj */,
				972ED8B41AE70307005043DC /* RCTImage.xcodeproj */,
				972ED8A11AE6FC3E005043DC /* React.xcodeproj */,
			);
			name = Libraries;
			path = node_modules;
			sourceTree = "<group>";
		};
		972ED8A21AE6FC3E005043DC /* Products */ = {
			isa = PBXGroup;
			children = (
				972ED8A61AE6FC3E005043DC /* libReact.a */,
			);
			name = Products;
			sourceTree = "<group>";
		};
		972ED8B51AE70307005043DC /* Products */ = {
			isa = PBXGroup;
			children = (
				972ED8B91AE70307005043DC /* libRCTImage.a */,
			);
			name = Products;
			sourceTree = "<group>";
		};
		972ED8CE1AE7075F005043DC /* Products */ = {
			isa = PBXGroup;
			children = (
				972ED8D21AE70760005043DC /* libRCTText.a */,
			);
			name = Products;
			sourceTree = "<group>";
		};
		FF12905E1AEABA9B00664374 /* framework */ = {
			isa = PBXGroup;
			children = (
				972ED8CB1AE70631005043DC /* libz.dylib */,
				972ED8AC1AE7016A005043DC /* SystemConfiguration.framework */,
				972ED8AA1AE7011D005043DC /* MediaPlayer.framework */,
				972ED8A81AE6FCB3005043DC /* OoyalaSDK.framework */,
			);
			name = framework;
			sourceTree = "<group>";
		};
/* End PBXGroup section */

/* Begin PBXHeadersBuildPhase section */
		972ED8481AE6EEEB005043DC /* Headers */ = {
			isa = PBXHeadersBuildPhase;
			buildActionMask = 2147483647;
			files = (
				972ED88B1AE6F008005043DC /* OOSkinViewController.h in Headers */,
				5EA2FFA11B20C209004A5080 /* OOSkinAutoUpdatingClosedCaptionsStyle.h in Headers */,
				972ED8891AE6F008005043DC /* OOReactBridge.h in Headers */,
				5E970A4F1B151431002E0CB1 /* OOClosedCaptionsViewManager.h in Headers */,
			);
			runOnlyForDeploymentPostprocessing = 0;
		};
/* End PBXHeadersBuildPhase section */

/* Begin PBXNativeTarget section */
		972ED84A1AE6EEEB005043DC /* OoyalaSkinSDK */ = {
			isa = PBXNativeTarget;
			buildConfigurationList = 972ED8611AE6EEEB005043DC /* Build configuration list for PBXNativeTarget "OoyalaSkinSDK" */;
			buildPhases = (
				972ED8461AE6EEEB005043DC /* Sources */,
				972ED8471AE6EEEB005043DC /* Frameworks */,
				972ED8481AE6EEEB005043DC /* Headers */,
				972ED8491AE6EEEB005043DC /* Resources */,
			);
			buildRules = (
			);
			dependencies = (
			);
			name = OoyalaSkinSDK;
			productName = OoyalaSkinSDK;
			productReference = 972ED84B1AE6EEEB005043DC /* OoyalaSkinSDK.framework */;
			productType = "com.apple.product-type.framework";
		};
		972ED8551AE6EEEB005043DC /* OoyalaSkinSDKTests */ = {
			isa = PBXNativeTarget;
			buildConfigurationList = 972ED8641AE6EEEB005043DC /* Build configuration list for PBXNativeTarget "OoyalaSkinSDKTests" */;
			buildPhases = (
				972ED8521AE6EEEB005043DC /* Sources */,
				972ED8531AE6EEEB005043DC /* Frameworks */,
				972ED8541AE6EEEB005043DC /* Resources */,
			);
			buildRules = (
			);
			dependencies = (
				972ED8591AE6EEEB005043DC /* PBXTargetDependency */,
			);
			name = OoyalaSkinSDKTests;
			productName = OoyalaSkinSDKTests;
			productReference = 972ED8561AE6EEEB005043DC /* OoyalaSkinSDKTests.xctest */;
			productType = "com.apple.product-type.bundle.unit-test";
		};
/* End PBXNativeTarget section */

/* Begin PBXProject section */
		972ED8421AE6EEEB005043DC /* Project object */ = {
			isa = PBXProject;
			attributes = {
				LastUpgradeCheck = 0620;
				ORGANIZATIONNAME = ooyala;
				TargetAttributes = {
					972ED84A1AE6EEEB005043DC = {
						CreatedOnToolsVersion = 6.2;
					};
					972ED8551AE6EEEB005043DC = {
						CreatedOnToolsVersion = 6.2;
					};
				};
			};
			buildConfigurationList = 972ED8451AE6EEEB005043DC /* Build configuration list for PBXProject "OoyalaSkinSDK" */;
			compatibilityVersion = "Xcode 3.2";
			developmentRegion = English;
			hasScannedForEncodings = 0;
			knownRegions = (
				en,
			);
			mainGroup = 972ED8411AE6EEEB005043DC;
			productRefGroup = 972ED84C1AE6EEEB005043DC /* Products */;
			projectDirPath = "";
			projectReferences = (
				{
					ProductGroup = 9724B8CE1B0185DB00C1623F /* Products */;
					ProjectRef = 9724B8CD1B0185DB00C1623F /* RCTAnimationExperimental.xcodeproj */;
				},
				{
					ProductGroup = 972ED8B51AE70307005043DC /* Products */;
					ProjectRef = 972ED8B41AE70307005043DC /* RCTImage.xcodeproj */;
				},
				{
					ProductGroup = 972ED8CE1AE7075F005043DC /* Products */;
					ProjectRef = 972ED8CD1AE7075F005043DC /* RCTText.xcodeproj */;
				},
				{
					ProductGroup = 972ED8A21AE6FC3E005043DC /* Products */;
					ProjectRef = 972ED8A11AE6FC3E005043DC /* React.xcodeproj */;
				},
			);
			projectRoot = "";
			targets = (
				972ED84A1AE6EEEB005043DC /* OoyalaSkinSDK */,
				972ED8551AE6EEEB005043DC /* OoyalaSkinSDKTests */,
			);
		};
/* End PBXProject section */

/* Begin PBXReferenceProxy section */
		9724B8D21B0185DB00C1623F /* libRCTAnimationExperimental.a */ = {
			isa = PBXReferenceProxy;
			fileType = archive.ar;
			path = libRCTAnimationExperimental.a;
			remoteRef = 9724B8D11B0185DB00C1623F /* PBXContainerItemProxy */;
			sourceTree = BUILT_PRODUCTS_DIR;
		};
		972ED8A61AE6FC3E005043DC /* libReact.a */ = {
			isa = PBXReferenceProxy;
			fileType = archive.ar;
			path = libReact.a;
			remoteRef = 972ED8A51AE6FC3E005043DC /* PBXContainerItemProxy */;
			sourceTree = BUILT_PRODUCTS_DIR;
		};
		972ED8B91AE70307005043DC /* libRCTImage.a */ = {
			isa = PBXReferenceProxy;
			fileType = archive.ar;
			path = libRCTImage.a;
			remoteRef = 972ED8B81AE70307005043DC /* PBXContainerItemProxy */;
			sourceTree = BUILT_PRODUCTS_DIR;
		};
		972ED8D21AE70760005043DC /* libRCTText.a */ = {
			isa = PBXReferenceProxy;
			fileType = archive.ar;
			path = libRCTText.a;
			remoteRef = 972ED8D11AE70760005043DC /* PBXContainerItemProxy */;
			sourceTree = BUILT_PRODUCTS_DIR;
		};
/* End PBXReferenceProxy section */

/* Begin PBXResourcesBuildPhase section */
		972ED8491AE6EEEB005043DC /* Resources */ = {
			isa = PBXResourcesBuildPhase;
			buildActionMask = 2147483647;
			files = (
				5EEDC9D21B0E7B9000A3AD27 /* EndScreen.js in Resources */,
				5EEDC9DB1B0E7B9000A3AD27 /* waterMark.js in Resources */,
				5EEDC9D51B0E7B9000A3AD27 /* PauseScreen.js in Resources */,
				5EEDC9D11B0E7B9000A3AD27 /* controlBar.js in Resources */,
				5EEDC9D91B0E7B9000A3AD27 /* StartScreen.js in Resources */,
				5EEDC9D81B0E7B9000A3AD27 /* sharePanel.js in Resources */,
				5EEDC9D71B0E7B9000A3AD27 /* progressBar.js in Resources */,
				5EEDC9DA1B0E7B9000A3AD27 /* videoView.js in Resources */,
				5EEDC9D41B0E7B9000A3AD27 /* ooyalaSkin.js in Resources */,
				5EEDC9D61B0E7B9000A3AD27 /* pauseScreenStyles.js in Resources */,
				5EEDC9D01B0E7B9000A3AD27 /* constants.js in Resources */,
				5EEDC9E51B0E7C6900A3AD27 /* closedCaptionsView.js in Resources */,
				5EEDC9D31B0E7B9000A3AD27 /* infoPanel.js in Resources */,
			);
			runOnlyForDeploymentPostprocessing = 0;
		};
		972ED8541AE6EEEB005043DC /* Resources */ = {
			isa = PBXResourcesBuildPhase;
			buildActionMask = 2147483647;
			files = (
			);
			runOnlyForDeploymentPostprocessing = 0;
		};
/* End PBXResourcesBuildPhase section */

/* Begin PBXSourcesBuildPhase section */
		972ED8461AE6EEEB005043DC /* Sources */ = {
			isa = PBXSourcesBuildPhase;
			buildActionMask = 2147483647;
			files = (
				972ED88A1AE6F008005043DC /* OOReactBridge.m in Sources */,
				972ED88C1AE6F008005043DC /* OOSkinViewController.m in Sources */,
				5EA2FFA21B20C209004A5080 /* OOSkinAutoUpdatingClosedCaptionsStyle.m in Sources */,
				5E970A501B151431002E0CB1 /* OOClosedCaptionsViewManager.m in Sources */,
			);
			runOnlyForDeploymentPostprocessing = 0;
		};
		972ED8521AE6EEEB005043DC /* Sources */ = {
			isa = PBXSourcesBuildPhase;
			buildActionMask = 2147483647;
			files = (
			);
			runOnlyForDeploymentPostprocessing = 0;
		};
/* End PBXSourcesBuildPhase section */

/* Begin PBXTargetDependency section */
		972ED8591AE6EEEB005043DC /* PBXTargetDependency */ = {
			isa = PBXTargetDependency;
			target = 972ED84A1AE6EEEB005043DC /* OoyalaSkinSDK */;
			targetProxy = 972ED8581AE6EEEB005043DC /* PBXContainerItemProxy */;
		};
/* End PBXTargetDependency section */

/* Begin XCBuildConfiguration section */
		972ED85F1AE6EEEB005043DC /* Debug */ = {
			isa = XCBuildConfiguration;
			buildSettings = {
				ALWAYS_SEARCH_USER_PATHS = NO;
				CLANG_CXX_LANGUAGE_STANDARD = "gnu++0x";
				CLANG_CXX_LIBRARY = "libc++";
				CLANG_ENABLE_MODULES = YES;
				CLANG_ENABLE_OBJC_ARC = YES;
				CLANG_WARN_BOOL_CONVERSION = YES;
				CLANG_WARN_CONSTANT_CONVERSION = YES;
				CLANG_WARN_DIRECT_OBJC_ISA_USAGE = YES_ERROR;
				CLANG_WARN_EMPTY_BODY = YES;
				CLANG_WARN_ENUM_CONVERSION = YES;
				CLANG_WARN_INT_CONVERSION = YES;
				CLANG_WARN_OBJC_ROOT_CLASS = YES_ERROR;
				CLANG_WARN_UNREACHABLE_CODE = YES;
				CLANG_WARN__DUPLICATE_METHOD_MATCH = YES;
				"CODE_SIGN_IDENTITY[sdk=iphoneos*]" = "iPhone Developer";
				COPY_PHASE_STRIP = NO;
				CURRENT_PROJECT_VERSION = 1;
				ENABLE_STRICT_OBJC_MSGSEND = YES;
				GCC_C_LANGUAGE_STANDARD = gnu99;
				GCC_DYNAMIC_NO_PIC = NO;
				GCC_OPTIMIZATION_LEVEL = 0;
				GCC_PREPROCESSOR_DEFINITIONS = (
					"DEBUG=1",
					"$(inherited)",
				);
				GCC_SYMBOLS_PRIVATE_EXTERN = NO;
				GCC_WARN_64_TO_32_BIT_CONVERSION = YES;
				GCC_WARN_ABOUT_RETURN_TYPE = YES_ERROR;
				GCC_WARN_UNDECLARED_SELECTOR = YES;
				GCC_WARN_UNINITIALIZED_AUTOS = YES_AGGRESSIVE;
				GCC_WARN_UNUSED_FUNCTION = YES;
				GCC_WARN_UNUSED_VARIABLE = YES;
				HEADER_SEARCH_PATHS = (
					"$(inherited)",
					/Applications/Xcode.app/Contents/Developer/Toolchains/XcodeDefault.xctoolchain/usr/include,
					"$(SRCROOT)/node_modules/react-native/React/**",
				);
				IPHONEOS_DEPLOYMENT_TARGET = 8.2;
				MTL_ENABLE_DEBUG_INFO = YES;
				ONLY_ACTIVE_ARCH = YES;
				OTHER_LDFLAGS = "-ObjC";
				SDKROOT = iphoneos;
				TARGETED_DEVICE_FAMILY = "1,2";
				VERSIONING_SYSTEM = "apple-generic";
				VERSION_INFO_PREFIX = "";
			};
			name = Debug;
		};
		972ED8601AE6EEEB005043DC /* Release */ = {
			isa = XCBuildConfiguration;
			buildSettings = {
				ALWAYS_SEARCH_USER_PATHS = NO;
				CLANG_CXX_LANGUAGE_STANDARD = "gnu++0x";
				CLANG_CXX_LIBRARY = "libc++";
				CLANG_ENABLE_MODULES = YES;
				CLANG_ENABLE_OBJC_ARC = YES;
				CLANG_WARN_BOOL_CONVERSION = YES;
				CLANG_WARN_CONSTANT_CONVERSION = YES;
				CLANG_WARN_DIRECT_OBJC_ISA_USAGE = YES_ERROR;
				CLANG_WARN_EMPTY_BODY = YES;
				CLANG_WARN_ENUM_CONVERSION = YES;
				CLANG_WARN_INT_CONVERSION = YES;
				CLANG_WARN_OBJC_ROOT_CLASS = YES_ERROR;
				CLANG_WARN_UNREACHABLE_CODE = YES;
				CLANG_WARN__DUPLICATE_METHOD_MATCH = YES;
				"CODE_SIGN_IDENTITY[sdk=iphoneos*]" = "iPhone Developer";
				COPY_PHASE_STRIP = NO;
				CURRENT_PROJECT_VERSION = 1;
				ENABLE_NS_ASSERTIONS = NO;
				ENABLE_STRICT_OBJC_MSGSEND = YES;
				GCC_C_LANGUAGE_STANDARD = gnu99;
				GCC_WARN_64_TO_32_BIT_CONVERSION = YES;
				GCC_WARN_ABOUT_RETURN_TYPE = YES_ERROR;
				GCC_WARN_UNDECLARED_SELECTOR = YES;
				GCC_WARN_UNINITIALIZED_AUTOS = YES_AGGRESSIVE;
				GCC_WARN_UNUSED_FUNCTION = YES;
				GCC_WARN_UNUSED_VARIABLE = YES;
				HEADER_SEARCH_PATHS = (
					"$(inherited)",
					/Applications/Xcode.app/Contents/Developer/Toolchains/XcodeDefault.xctoolchain/usr/include,
					"$(SRCROOT)/node_modules/react-native/React/**",
				);
				IPHONEOS_DEPLOYMENT_TARGET = 8.2;
				MTL_ENABLE_DEBUG_INFO = NO;
				OTHER_LDFLAGS = "-ObjC";
				SDKROOT = iphoneos;
				TARGETED_DEVICE_FAMILY = "1,2";
				VALIDATE_PRODUCT = YES;
				VERSIONING_SYSTEM = "apple-generic";
				VERSION_INFO_PREFIX = "";
			};
			name = Release;
		};
		972ED8621AE6EEEB005043DC /* Debug */ = {
			isa = XCBuildConfiguration;
			buildSettings = {
				DEFINES_MODULE = YES;
				DYLIB_COMPATIBILITY_VERSION = 1;
				DYLIB_CURRENT_VERSION = 1;
				DYLIB_INSTALL_NAME_BASE = "@rpath";
				FRAMEWORK_SEARCH_PATHS = (
					"$(inherited)",
					"/Users/zchen/repos/ios-skin/ios-sdk/sdk/build/Debug-iphoneos",
				);
				INFOPLIST_FILE = OoyalaSkinSDK/Info.plist;
				INSTALL_PATH = "$(LOCAL_LIBRARY_DIR)/Frameworks";
				LD_RUNPATH_SEARCH_PATHS = "$(inherited) @executable_path/Frameworks @loader_path/Frameworks";
				PRODUCT_NAME = "$(TARGET_NAME)";
				SKIP_INSTALL = YES;
			};
			name = Debug;
		};
		972ED8631AE6EEEB005043DC /* Release */ = {
			isa = XCBuildConfiguration;
			buildSettings = {
				DEFINES_MODULE = YES;
				DYLIB_COMPATIBILITY_VERSION = 1;
				DYLIB_CURRENT_VERSION = 1;
				DYLIB_INSTALL_NAME_BASE = "@rpath";
				FRAMEWORK_SEARCH_PATHS = (
					"$(inherited)",
					"/Users/zchen/repos/ios-skin/ios-sdk/sdk/build/Debug-iphoneos",
				);
				INFOPLIST_FILE = OoyalaSkinSDK/Info.plist;
				INSTALL_PATH = "$(LOCAL_LIBRARY_DIR)/Frameworks";
				LD_RUNPATH_SEARCH_PATHS = "$(inherited) @executable_path/Frameworks @loader_path/Frameworks";
				PRODUCT_NAME = "$(TARGET_NAME)";
				SKIP_INSTALL = YES;
			};
			name = Release;
		};
		972ED8651AE6EEEB005043DC /* Debug */ = {
			isa = XCBuildConfiguration;
			buildSettings = {
				FRAMEWORK_SEARCH_PATHS = (
					"$(SDKROOT)/Developer/Library/Frameworks",
					"$(inherited)",
				);
				GCC_PREPROCESSOR_DEFINITIONS = (
					"DEBUG=1",
					"$(inherited)",
				);
				INFOPLIST_FILE = OoyalaSkinSDKTests/Info.plist;
				LD_RUNPATH_SEARCH_PATHS = "$(inherited) @executable_path/Frameworks @loader_path/Frameworks";
				PRODUCT_NAME = "$(TARGET_NAME)";
			};
			name = Debug;
		};
		972ED8661AE6EEEB005043DC /* Release */ = {
			isa = XCBuildConfiguration;
			buildSettings = {
				FRAMEWORK_SEARCH_PATHS = (
					"$(SDKROOT)/Developer/Library/Frameworks",
					"$(inherited)",
				);
				INFOPLIST_FILE = OoyalaSkinSDKTests/Info.plist;
				LD_RUNPATH_SEARCH_PATHS = "$(inherited) @executable_path/Frameworks @loader_path/Frameworks";
				PRODUCT_NAME = "$(TARGET_NAME)";
			};
			name = Release;
		};
/* End XCBuildConfiguration section */

/* Begin XCConfigurationList section */
		972ED8451AE6EEEB005043DC /* Build configuration list for PBXProject "OoyalaSkinSDK" */ = {
			isa = XCConfigurationList;
			buildConfigurations = (
				972ED85F1AE6EEEB005043DC /* Debug */,
				972ED8601AE6EEEB005043DC /* Release */,
			);
			defaultConfigurationIsVisible = 0;
			defaultConfigurationName = Release;
		};
		972ED8611AE6EEEB005043DC /* Build configuration list for PBXNativeTarget "OoyalaSkinSDK" */ = {
			isa = XCConfigurationList;
			buildConfigurations = (
				972ED8621AE6EEEB005043DC /* Debug */,
				972ED8631AE6EEEB005043DC /* Release */,
			);
			defaultConfigurationIsVisible = 0;
			defaultConfigurationName = Release;
		};
		972ED8641AE6EEEB005043DC /* Build configuration list for PBXNativeTarget "OoyalaSkinSDKTests" */ = {
			isa = XCConfigurationList;
			buildConfigurations = (
				972ED8651AE6EEEB005043DC /* Debug */,
				972ED8661AE6EEEB005043DC /* Release */,
			);
			defaultConfigurationIsVisible = 0;
			defaultConfigurationName = Release;
		};
/* End XCConfigurationList section */
	};
	rootObject = 972ED8421AE6EEEB005043DC /* Project object */;
}
